PODS:
  - AFNetworking (2.6.3):
    - AFNetworking/NSURLConnection (= 2.6.3)
    - AFNetworking/NSURLSession (= 2.6.3)
    - AFNetworking/Reachability (= 2.6.3)
    - AFNetworking/Security (= 2.6.3)
    - AFNetworking/Serialization (= 2.6.3)
    - AFNetworking/UIKit (= 2.6.3)
  - AFNetworking/NSURLConnection (2.6.3):
    - AFNetworking/Reachability
    - AFNetworking/Security
    - AFNetworking/Serialization
  - AFNetworking/NSURLSession (2.6.3):
    - AFNetworking/Reachability
    - AFNetworking/Security
    - AFNetworking/Serialization
  - AFNetworking/Reachability (2.6.3)
  - AFNetworking/Security (2.6.3)
  - AFNetworking/Serialization (2.6.3)
  - AFNetworking/UIKit (2.6.3):
    - AFNetworking/NSURLConnection
    - AFNetworking/NSURLSession
  - Braintree/Core (5.5.0)
  - BraintreeVisaCheckout (5.0.0):
    - Braintree/Core (~> 5.0)
  - Expecta (1.0.6)
  - FLEX (4.6.1)
  - InAppSettingsKit (2.15)
  - iOS-Slide-Menu (1.5)
  - "NSURL+QueryDictionary (1.2.0)"
  - OCMock (3.9.1)
  - OHHTTPStubs (6.2.0):
    - OHHTTPStubs/Default (= 6.2.0)
  - OHHTTPStubs/Core (6.2.0)
  - OHHTTPStubs/Default (6.2.0):
    - OHHTTPStubs/Core
    - OHHTTPStubs/JSON
    - OHHTTPStubs/NSURLSession
    - OHHTTPStubs/OHPathHelpers
  - OHHTTPStubs/JSON (6.2.0):
    - OHHTTPStubs/Core
  - OHHTTPStubs/NSURLSession (6.2.0):
    - OHHTTPStubs/Core
  - OHHTTPStubs/OHPathHelpers (6.2.0)
  - PureLayout (3.1.9)
  - Specta (1.0.7)

DEPENDENCIES:
  - AFNetworking (~> 2.6.0)
  - Braintree/Core
  - BraintreeVisaCheckout (from `./`)
  - Expecta
  - FLEX
  - InAppSettingsKit (~> 2.9)
  - iOS-Slide-Menu
  - "NSURL+QueryDictionary (~> 1.0)"
  - OCMock
  - OHHTTPStubs (~> 6.0)
  - PureLayout
  - Specta

SPEC REPOS:
  trunk:
    - AFNetworking
    - Braintree
    - Expecta
    - FLEX
    - InAppSettingsKit
    - iOS-Slide-Menu
    - "NSURL+QueryDictionary"
    - OCMock
    - OHHTTPStubs
    - PureLayout
    - Specta

EXTERNAL SOURCES:
  BraintreeVisaCheckout:
    :path: "./"

SPEC CHECKSUMS:
  AFNetworking: cb8d14a848e831097108418f5d49217339d4eb60
  Braintree: acd5dd18b4aff8858346d6b6f6f3b5bc059332fb
  BraintreeVisaCheckout: 7e2f65a50bf1163a0fe19f4f43ce319207c5888b
  Expecta: 3b6bd90a64b9a1dcb0b70aa0e10a7f8f631667d5
  FLEX: bbc55d197f87d7cde2454c3981aa47069b694144
  InAppSettingsKit: 4890a44f9df7a1742c632920f0ea939cbeb29ea2
  iOS-Slide-Menu: 40b0cbd8916c42afc755f0869793cd09e7a32102
  "NSURL+QueryDictionary": bae616404e2adf6409d3d5c02a093cbf44c8a236
  OCMock: 9491e4bec59e0b267d52a9184ff5605995e74be8
  OHHTTPStubs: 9cde8b5c0b8cc5c0f393b5e20c8efb6e05915c63
  PureLayout: 5fb5e5429519627d60d079ccb1eaa7265ce7cf88
  Specta: 3e1bd89c3517421982dc4d1c992503e48bd5fe66

PODFILE CHECKSUM: 8ec54b960c50214645e4bcd93ad50d6acebde7ff

COCOAPODS: 1.11.2
