PODS:
  - AFNetworking (2.6.3):
    - AFNetworking/NSURLConnection (= 2.6.3)
    - AFNetworking/NSURLSession (= 2.6.3)
    - AFNetworking/Reachability (= 2.6.3)
    - AFNetworking/Security (= 2.6.3)
    - AFNetworking/Serialization (= 2.6.3)
    - AFNetworking/UIKit (= 2.6.3)
  - AFNetworking/NSURLConnection (2.6.3):
    - AFNetworking/Reachability
    - AFNetworking/Security
    - AFNetworking/Serialization
  - AFNetworking/NSURLSession (2.6.3):
    - AFNetworking/Reachability
    - AFNetworking/Security
    - AFNetworking/Serialization
  - AFNetworking/Reachability (2.6.3)
  - AFNetworking/Security (2.6.3)
  - AFNetworking/Serialization (2.6.3)
  - AFNetworking/UIKit (2.6.3):
    - AFNetworking/NSURLConnection
    - AFNetworking/NSURLSession
  - Braintree/Core (4.36.1)
  - BraintreeVisaCheckout (4.0.1):
    - Braintree/Core (~> 4.0)
  - Expecta (1.0.6)
  - FLEX (4.2.2)
  - InAppSettingsKit (2.15)
  - iOS-Slide-Menu (1.5)
  - "NSURL+QueryDictionary (1.2.0)"
  - OCMock (3.7.1)
  - OHHTTPStubs (6.2.0):
    - OHHTTPStubs/Default (= 6.2.0)
  - OHHTTPStubs/Core (6.2.0)
  - OHHTTPStubs/Default (6.2.0):
    - OHHTTPStubs/Core
    - OHHTTPStubs/JSON
    - OHHTTPStubs/NSURLSession
    - OHHTTPStubs/OHPathHelpers
  - OHHTTPStubs/JSON (6.2.0):
    - OHHTTPStubs/Core
  - OHHTTPStubs/NSURLSession (6.2.0):
    - OHHTTPStubs/Core
  - OHHTTPStubs/OHPathHelpers (6.2.0)
  - PureLayout (3.1.6)
  - Specta (1.0.7)

DEPENDENCIES:
  - AFNetworking (~> 2.6.0)
  - Braintree/Core
  - BraintreeVisaCheckout (from `./`)
  - Expecta
  - FLEX
  - InAppSettingsKit (~> 2.9)
  - iOS-Slide-Menu
  - "NSURL+QueryDictionary (~> 1.0)"
  - OCMock
  - OHHTTPStubs (~> 6.0)
  - PureLayout
  - Specta

SPEC REPOS:
  trunk:
    - AFNetworking
    - Braintree
    - Expecta
    - FLEX
    - InAppSettingsKit
    - iOS-Slide-Menu
    - "NSURL+QueryDictionary"
    - OCMock
    - OHHTTPStubs
    - PureLayout
    - Specta

EXTERNAL SOURCES:
  BraintreeVisaCheckout:
    :path: "./"

SPEC CHECKSUMS:
  AFNetworking: cb8d14a848e831097108418f5d49217339d4eb60
  Braintree: f7e0e9a5030e22b8ad77e617f27ac9327d7bc004
  BraintreeVisaCheckout: a55bef6c1e17a5ff1fe3e95f84a60e19930edf84
  Expecta: 3b6bd90a64b9a1dcb0b70aa0e10a7f8f631667d5
  FLEX: dbd68ae9c67fcc872c79c9e5a728f38243dfaa78
  InAppSettingsKit: 4890a44f9df7a1742c632920f0ea939cbeb29ea2
  iOS-Slide-Menu: 40b0cbd8916c42afc755f0869793cd09e7a32102
  "NSURL+QueryDictionary": bae616404e2adf6409d3d5c02a093cbf44c8a236
  OCMock: 75fbeaa46a9b11f8c182bbb1d1f7e9a35ccc9955
  OHHTTPStubs: 9cde8b5c0b8cc5c0f393b5e20c8efb6e05915c63
  PureLayout: bd3c4ec3a3819ad387c99ebb72c6b129c3ed4d2d
  Specta: 3e1bd89c3517421982dc4d1c992503e48bd5fe66

PODFILE CHECKSUM: 379240f122205bdebffc54254c68d4114292ac9c

COCOAPODS: 1.10.0
