// !$*UTF8*$!
{
	archiveVersion = 1;
	classes = {
	};
	objectVersion = 52;
	objects = {

/* Begin PBXBuildFile section */
		01F3125269AC4998424352F5 /* Pods_Tests_IntegrationTests.framework in Frameworks */ = {isa = PBXBuildFile; fileRef = 87134E11D91C97647E2B7E3B /* Pods_Tests_IntegrationTests.framework */; };
		0E42342A53BF3CC362D36990 /* Pods_DemoVisaCheckout.framework in Frameworks */ = {isa = PBXBuildFile; fileRef = 22298CB43CC76CC77B34F8FF /* Pods_DemoVisaCheckout.framework */; };
		80B99517258C0A0300B38824 /* ViewHelpers.swift in Sources */ = {isa = PBXBuildFile; fileRef = 80B99516258C0A0300B38824 /* ViewHelpers.swift */; };
		A74D1AD91E9EF24000893D28 /* BraintreeVisaCheckout_UITests.swift in Sources */ = {isa = PBXBuildFile; fileRef = A74D1AD51E9EF24000893D28 /* BraintreeVisaCheckout_UITests.swift */; };
		A74D1ADA1E9EF24000893D28 /* BTUITest.swift in Sources */ = {isa = PBXBuildFile; fileRef = A74D1AD71E9EF24000893D28 /* BTUITest.swift */; };
		A75A021A1DC144F8007819EE /* BTVisaCheckoutClient.m in Sources */ = {isa = PBXBuildFile; fileRef = A75A02191DC144F8007819EE /* BTVisaCheckoutClient.m */; };
		A7662A641E98542F0002117A /* BTVisaCheckout_Tests.swift in Sources */ = {isa = PBXBuildFile; fileRef = A7662A631E98542F0002117A /* BTVisaCheckout_Tests.swift */; };
		A76DF9EC1DC146AA005CB013 /* BTVisaCheckoutCardNonce.m in Sources */ = {isa = PBXBuildFile; fileRef = A76DF9EB1DC146AA005CB013 /* BTVisaCheckoutCardNonce.m */; };
		A76DF9F21DC146F7005CB013 /* BraintreeVisaCheckout.h in Headers */ = {isa = PBXBuildFile; fileRef = A76DF9EE1DC146F7005CB013 /* BraintreeVisaCheckout.h */; settings = {ATTRIBUTES = (Public, ); }; };
		A76DF9F31DC146F7005CB013 /* BTVisaCheckoutCardNonce.h in Headers */ = {isa = PBXBuildFile; fileRef = A76DF9EF1DC146F7005CB013 /* BTVisaCheckoutCardNonce.h */; settings = {ATTRIBUTES = (Public, ); }; };
		A76DF9F41DC146F7005CB013 /* BTVisaCheckoutClient.h in Headers */ = {isa = PBXBuildFile; fileRef = A76DF9F01DC146F7005CB013 /* BTVisaCheckoutClient.h */; settings = {ATTRIBUTES = (Public, ); }; };
		A76DF9FC1DC14A97005CB013 /* BTVisaCheckoutClient_Internal.h in Headers */ = {isa = PBXBuildFile; fileRef = A76DF9FB1DC14A97005CB013 /* BTVisaCheckoutClient_Internal.h */; settings = {ATTRIBUTES = (Private, ); }; };
		A7ADE6FD1E92F2470013920F /* BraintreeDemoDemoContainmentViewController.m in Sources */ = {isa = PBXBuildFile; fileRef = A76B19AF1B79708900452CFA /* BraintreeDemoDemoContainmentViewController.m */; };
		A7ADE7011E92F2470013920F /* BraintreeDemoSlideNavigationController.m in Sources */ = {isa = PBXBuildFile; fileRef = A76B19B31B79708900452CFA /* BraintreeDemoSlideNavigationController.m */; };
		A7ADE7061E92F2470013920F /* main.m in Sources */ = {isa = PBXBuildFile; fileRef = A76B1A0A1B79708A00452CFA /* main.m */; };
		A7ADE7071E92F2470013920F /* BraintreeDemoIntegrationViewController.m in Sources */ = {isa = PBXBuildFile; fileRef = A76B19B11B79708900452CFA /* BraintreeDemoIntegrationViewController.m */; };
		A7ADE7091E92F2470013920F /* BraintreeDemoAppDelegate.m in Sources */ = {isa = PBXBuildFile; fileRef = A76B19AD1B79708900452CFA /* BraintreeDemoAppDelegate.m */; };
		A7ADE70B1E92F2470013920F /* BraintreeDemoSettings.m in Sources */ = {isa = PBXBuildFile; fileRef = A76B19B81B79708900452CFA /* BraintreeDemoSettings.m */; };
		A7ADE70C1E92F2470013920F /* BraintreeDemoMerchantAPI.m in Sources */ = {isa = PBXBuildFile; fileRef = A76B1A011B79708A00452CFA /* BraintreeDemoMerchantAPI.m */; };
		A7ADE7121E92F2470013920F /* BraintreeDemoPaymentButtonBaseViewController.m in Sources */ = {isa = PBXBuildFile; fileRef = A76B19A91B79708900452CFA /* BraintreeDemoPaymentButtonBaseViewController.m */; };
		A7ADE7131E92F2470013920F /* BraintreeDemoBaseViewController.m in Sources */ = {isa = PBXBuildFile; fileRef = A76B19A71B79708900452CFA /* BraintreeDemoBaseViewController.m */; };
		A7ADE7291E92F2470013920F /* Main.strings in Resources */ = {isa = PBXBuildFile; fileRef = A76B1A081B79708A00452CFA /* Main.strings */; };
		A7ADE72A1E92F2470013920F /* Images.xcassets in Resources */ = {isa = PBXBuildFile; fileRef = A76B19FE1B79708A00452CFA /* Images.xcassets */; };
		A7ADE72B1E92F2470013920F /* Settings.bundle in Resources */ = {isa = PBXBuildFile; fileRef = A76B19B91B79708900452CFA /* Settings.bundle */; };
		A7ADE72C1E92F2470013920F /* Launch Screen.storyboard in Resources */ = {isa = PBXBuildFile; fileRef = A76B19B51B79708900452CFA /* Launch Screen.storyboard */; };
		A7ADE7311E92F2470013920F /* InfoPlist.strings in Resources */ = {isa = PBXBuildFile; fileRef = A76B1A061B79708A00452CFA /* InfoPlist.strings */; };
		A7CF46411E98569E002DB50F /* BTSpecHelper.m in Sources */ = {isa = PBXBuildFile; fileRef = A7CF46381E98569E002DB50F /* BTSpecHelper.m */; };
		A7CF46421E98569E002DB50F /* BTTestClientTokenFactory.m in Sources */ = {isa = PBXBuildFile; fileRef = A7CF463A1E98569E002DB50F /* BTTestClientTokenFactory.m */; };
		A7CF46441E98569E002DB50F /* MockAPIClient.swift in Sources */ = {isa = PBXBuildFile; fileRef = A7CF463D1E98569E002DB50F /* MockAPIClient.swift */; };
		A7CF46461E9BF153002DB50F /* BTConfiguration_Tests.swift in Sources */ = {isa = PBXBuildFile; fileRef = A7B7989B1C233C57001327FA /* BTConfiguration_Tests.swift */; };
		A7D42CE71E7084A400AD9B6E /* BTVisaCheckoutAddress.m in Sources */ = {isa = PBXBuildFile; fileRef = A7D42CE51E7084A400AD9B6E /* BTVisaCheckoutAddress.m */; };
		A7D42CE91E708A1B00AD9B6E /* BTVisaCheckoutAddress.h in Headers */ = {isa = PBXBuildFile; fileRef = A7D42CE81E708A1B00AD9B6E /* BTVisaCheckoutAddress.h */; settings = {ATTRIBUTES = (Public, ); }; };
		A7D42CEE1E708F8200AD9B6E /* BTVisaCheckoutUserData.m in Sources */ = {isa = PBXBuildFile; fileRef = A7D42CEB1E708F8100AD9B6E /* BTVisaCheckoutUserData.m */; };
		A7D42CF01E708FA000AD9B6E /* BTVisaCheckoutUserData.h in Headers */ = {isa = PBXBuildFile; fileRef = A7D42CEF1E708FA000AD9B6E /* BTVisaCheckoutUserData.h */; settings = {ATTRIBUTES = (Public, ); }; };
		A7E993131E98039400591B79 /* BTConfiguration+VisaCheckout.m in Sources */ = {isa = PBXBuildFile; fileRef = A7E993111E98039400591B79 /* BTConfiguration+VisaCheckout.m */; };
		A7E993151E9803A100591B79 /* BTConfiguration+VisaCheckout.h in Headers */ = {isa = PBXBuildFile; fileRef = A7E993141E9803A100591B79 /* BTConfiguration+VisaCheckout.h */; settings = {ATTRIBUTES = (Public, ); }; };
		A7F472E31E92F33600CBB194 /* BraintreeDemoVisaCheckoutViewController.m in Sources */ = {isa = PBXBuildFile; fileRef = A7245DEE1D8B56D300FF4459 /* BraintreeDemoVisaCheckoutViewController.m */; };
		BC8F5277274C0C9D00750A24 /* VisaCheckoutSDK.xcframework in Frameworks */ = {isa = PBXBuildFile; fileRef = BC8F5276274C0C9D00750A24 /* VisaCheckoutSDK.xcframework */; };
		C44958E0964B525C35AFF6C5 /* Pods_Tests_UnitTests.framework in Frameworks */ = {isa = PBXBuildFile; fileRef = D6DE62C0CF66D65BEBA0497D /* Pods_Tests_UnitTests.framework */; };
		EEEC91191E9EAA4D00926158 /* BraintreeVisaCheckoutIntegrationTests.m in Sources */ = {isa = PBXBuildFile; fileRef = A7CF464D1E9BF21C002DB50F /* BraintreeVisaCheckoutIntegrationTests.m */; };
		EEF9DC6A1F1430FB00FFB875 /* BTAPIClient_Internal_Category.h in Headers */ = {isa = PBXBuildFile; fileRef = 849A6F851EA14A8F00CD0F95 /* BTAPIClient_Internal_Category.h */; };
/* End PBXBuildFile section */

/* Begin PBXContainerItemProxy section */
		A7662A501E9851020002117A /* PBXContainerItemProxy */ = {
			isa = PBXContainerItemProxy;
			containerPortal = A75DA344192138F000D997A2 /* Project object */;
			proxyType = 1;
			remoteGlobalIDString = A7ADE6E21E92F2470013920F;
			remoteInfo = DemoVisaCheckout;
		};
		A7CF46AA1E9C0298002DB50F /* PBXContainerItemProxy */ = {
			isa = PBXContainerItemProxy;
			containerPortal = A75DA344192138F000D997A2 /* Project object */;
			proxyType = 1;
			remoteGlobalIDString = A7ADE6E21E92F2470013920F;
			remoteInfo = DemoVisaCheckout;
		};
		EEEC91161E9EAA4D00926158 /* PBXContainerItemProxy */ = {
			isa = PBXContainerItemProxy;
			containerPortal = A75DA344192138F000D997A2 /* Project object */;
			proxyType = 1;
			remoteGlobalIDString = A7ADE6E21E92F2470013920F;
			remoteInfo = DemoVisaCheckout;
		};
/* End PBXContainerItemProxy section */

/* Begin PBXCopyFilesBuildPhase section */
		A7ADE7321E92F2470013920F /* Embed Frameworks */ = {
			isa = PBXCopyFilesBuildPhase;
			buildActionMask = 2147483647;
			dstPath = "";
			dstSubfolderSpec = 10;
			files = (
			);
			name = "Embed Frameworks";
			runOnlyForDeploymentPostprocessing = 0;
		};
/* End PBXCopyFilesBuildPhase section */

/* Begin PBXFileReference section */
		06583E7C5107F9E5DF16D64F /* Pods-Tests-BraintreeVisaCheckoutIntegrationTests.debug.xcconfig */ = {isa = PBXFileReference; includeInIndex = 1; lastKnownFileType = text.xcconfig; name = "Pods-Tests-BraintreeVisaCheckoutIntegrationTests.debug.xcconfig"; path = "Pods/Target Support Files/Pods-Tests-BraintreeVisaCheckoutIntegrationTests/Pods-Tests-BraintreeVisaCheckoutIntegrationTests.debug.xcconfig"; sourceTree = "<group>"; };
		22298CB43CC76CC77B34F8FF /* Pods_DemoVisaCheckout.framework */ = {isa = PBXFileReference; explicitFileType = wrapper.framework; includeInIndex = 0; path = Pods_DemoVisaCheckout.framework; sourceTree = BUILT_PRODUCTS_DIR; };
		3447EA93E4C90E5EE9F0E7BD /* Pods-Tests-BraintreeVisaCheckoutSwiftUnitTests.release.xcconfig */ = {isa = PBXFileReference; includeInIndex = 1; lastKnownFileType = text.xcconfig; name = "Pods-Tests-BraintreeVisaCheckoutSwiftUnitTests.release.xcconfig"; path = "Pods/Target Support Files/Pods-Tests-BraintreeVisaCheckoutSwiftUnitTests/Pods-Tests-BraintreeVisaCheckoutSwiftUnitTests.release.xcconfig"; sourceTree = "<group>"; };
		4E1ABC2E86041EF6025A0E8B /* Pods-Tests-UnitTests.release.xcconfig */ = {isa = PBXFileReference; includeInIndex = 1; lastKnownFileType = text.xcconfig; name = "Pods-Tests-UnitTests.release.xcconfig"; path = "Pods/Target Support Files/Pods-Tests-UnitTests/Pods-Tests-UnitTests.release.xcconfig"; sourceTree = "<group>"; };
		58AC48F789992CED2486BD25 /* Pods-Tests-BraintreeVisaCheckoutIntegrationTests.release.xcconfig */ = {isa = PBXFileReference; includeInIndex = 1; lastKnownFileType = text.xcconfig; name = "Pods-Tests-BraintreeVisaCheckoutIntegrationTests.release.xcconfig"; path = "Pods/Target Support Files/Pods-Tests-BraintreeVisaCheckoutIntegrationTests/Pods-Tests-BraintreeVisaCheckoutIntegrationTests.release.xcconfig"; sourceTree = "<group>"; };
		6AB91B4878F55E9F9D986F12 /* Pods-Tests-IntegrationTests.debug.xcconfig */ = {isa = PBXFileReference; includeInIndex = 1; lastKnownFileType = text.xcconfig; name = "Pods-Tests-IntegrationTests.debug.xcconfig"; path = "Pods/Target Support Files/Pods-Tests-IntegrationTests/Pods-Tests-IntegrationTests.debug.xcconfig"; sourceTree = "<group>"; };
		6B5A6BB4A391790E7A69DBFC /* Pods-DemoVisaCheckout.release.xcconfig */ = {isa = PBXFileReference; includeInIndex = 1; lastKnownFileType = text.xcconfig; name = "Pods-DemoVisaCheckout.release.xcconfig"; path = "Pods/Target Support Files/Pods-DemoVisaCheckout/Pods-DemoVisaCheckout.release.xcconfig"; sourceTree = "<group>"; };
		7B5E8B27B2B937BF0B6D4CA9 /* Pods-Tests-BraintreeVisaCheckoutSwiftUnitTests.debug.xcconfig */ = {isa = PBXFileReference; includeInIndex = 1; lastKnownFileType = text.xcconfig; name = "Pods-Tests-BraintreeVisaCheckoutSwiftUnitTests.debug.xcconfig"; path = "Pods/Target Support Files/Pods-Tests-BraintreeVisaCheckoutSwiftUnitTests/Pods-Tests-BraintreeVisaCheckoutSwiftUnitTests.debug.xcconfig"; sourceTree = "<group>"; };
		80B99515258C0A0200B38824 /* DemoVisaCheckout-Bridging-Header.h */ = {isa = PBXFileReference; lastKnownFileType = sourcecode.c.h; path = "DemoVisaCheckout-Bridging-Header.h"; sourceTree = "<group>"; };
		80B99516258C0A0300B38824 /* ViewHelpers.swift */ = {isa = PBXFileReference; lastKnownFileType = sourcecode.swift; path = ViewHelpers.swift; sourceTree = "<group>"; };
		849A6F851EA14A8F00CD0F95 /* BTAPIClient_Internal_Category.h */ = {isa = PBXFileReference; lastKnownFileType = sourcecode.c.h; path = BTAPIClient_Internal_Category.h; sourceTree = "<group>"; };
		87134E11D91C97647E2B7E3B /* Pods_Tests_IntegrationTests.framework */ = {isa = PBXFileReference; explicitFileType = wrapper.framework; includeInIndex = 0; path = Pods_Tests_IntegrationTests.framework; sourceTree = BUILT_PRODUCTS_DIR; };
		A7245DEE1D8B56D300FF4459 /* BraintreeDemoVisaCheckoutViewController.m */ = {isa = PBXFileReference; fileEncoding = 4; lastKnownFileType = sourcecode.c.objc; name = BraintreeDemoVisaCheckoutViewController.m; path = "Visa Checkout/BraintreeDemoVisaCheckoutViewController.m"; sourceTree = "<group>"; };
		A7245DF11D8B570B00FF4459 /* BraintreeDemoVisaCheckoutViewController.h */ = {isa = PBXFileReference; fileEncoding = 4; lastKnownFileType = sourcecode.c.h; name = BraintreeDemoVisaCheckoutViewController.h; path = "Visa Checkout/BraintreeDemoVisaCheckoutViewController.h"; sourceTree = "<group>"; };
		A74D1AD51E9EF24000893D28 /* BraintreeVisaCheckout_UITests.swift */ = {isa = PBXFileReference; fileEncoding = 4; lastKnownFileType = sourcecode.swift; name = BraintreeVisaCheckout_UITests.swift; path = UITests/BraintreeVisaCheckout_UITests.swift; sourceTree = SOURCE_ROOT; };
		A74D1AD71E9EF24000893D28 /* BTUITest.swift */ = {isa = PBXFileReference; fileEncoding = 4; lastKnownFileType = sourcecode.swift; path = BTUITest.swift; sourceTree = "<group>"; };
		A74D1AD81E9EF24000893D28 /* Info.plist */ = {isa = PBXFileReference; fileEncoding = 4; lastKnownFileType = text.plist.xml; name = Info.plist; path = UITests/Info.plist; sourceTree = SOURCE_ROOT; };
		A75A01FC1DC13220007819EE /* BraintreeVisaCheckout.framework */ = {isa = PBXFileReference; explicitFileType = wrapper.framework; includeInIndex = 0; path = BraintreeVisaCheckout.framework; sourceTree = BUILT_PRODUCTS_DIR; };
		A75A02191DC144F8007819EE /* BTVisaCheckoutClient.m */ = {isa = PBXFileReference; fileEncoding = 4; lastKnownFileType = sourcecode.c.objc; path = BTVisaCheckoutClient.m; sourceTree = "<group>"; };
		A7662A4B1E9851020002117A /* UnitTests.xctest */ = {isa = PBXFileReference; explicitFileType = wrapper.cfbundle; includeInIndex = 0; path = UnitTests.xctest; sourceTree = BUILT_PRODUCTS_DIR; };
		A7662A4F1E9851020002117A /* Info.plist */ = {isa = PBXFileReference; lastKnownFileType = text.plist.xml; path = Info.plist; sourceTree = "<group>"; };
		A7662A601E9853330002117A /* UnitTests-Bridging-Header.h */ = {isa = PBXFileReference; lastKnownFileType = sourcecode.c.h; path = "UnitTests-Bridging-Header.h"; sourceTree = "<group>"; };
		A7662A631E98542F0002117A /* BTVisaCheckout_Tests.swift */ = {isa = PBXFileReference; fileEncoding = 4; lastKnownFileType = sourcecode.swift; path = BTVisaCheckout_Tests.swift; sourceTree = "<group>"; };
		A76B19A31B79708900452CFA /* Braintree-Demo.entitlements */ = {isa = PBXFileReference; fileEncoding = 4; lastKnownFileType = text.xml; path = "Braintree-Demo.entitlements"; sourceTree = "<group>"; };
		A76B19A61B79708900452CFA /* BraintreeDemoBaseViewController.h */ = {isa = PBXFileReference; fileEncoding = 4; lastKnownFileType = sourcecode.c.h; lineEnding = 0; path = BraintreeDemoBaseViewController.h; sourceTree = "<group>"; xcLanguageSpecificationIdentifier = xcode.lang.objcpp; };
		A76B19A71B79708900452CFA /* BraintreeDemoBaseViewController.m */ = {isa = PBXFileReference; fileEncoding = 4; lastKnownFileType = sourcecode.c.objc; path = BraintreeDemoBaseViewController.m; sourceTree = "<group>"; };
		A76B19A81B79708900452CFA /* BraintreeDemoPaymentButtonBaseViewController.h */ = {isa = PBXFileReference; fileEncoding = 4; lastKnownFileType = sourcecode.c.h; path = BraintreeDemoPaymentButtonBaseViewController.h; sourceTree = "<group>"; };
		A76B19A91B79708900452CFA /* BraintreeDemoPaymentButtonBaseViewController.m */ = {isa = PBXFileReference; fileEncoding = 4; lastKnownFileType = sourcecode.c.objc; lineEnding = 0; path = BraintreeDemoPaymentButtonBaseViewController.m; sourceTree = "<group>"; xcLanguageSpecificationIdentifier = xcode.lang.objc; };
		A76B19AC1B79708900452CFA /* BraintreeDemoAppDelegate.h */ = {isa = PBXFileReference; fileEncoding = 4; lastKnownFileType = sourcecode.c.h; path = BraintreeDemoAppDelegate.h; sourceTree = "<group>"; };
		A76B19AD1B79708900452CFA /* BraintreeDemoAppDelegate.m */ = {isa = PBXFileReference; fileEncoding = 4; lastKnownFileType = sourcecode.c.objc; path = BraintreeDemoAppDelegate.m; sourceTree = "<group>"; };
		A76B19AE1B79708900452CFA /* BraintreeDemoDemoContainmentViewController.h */ = {isa = PBXFileReference; fileEncoding = 4; lastKnownFileType = sourcecode.c.h; path = BraintreeDemoDemoContainmentViewController.h; sourceTree = "<group>"; };
		A76B19AF1B79708900452CFA /* BraintreeDemoDemoContainmentViewController.m */ = {isa = PBXFileReference; fileEncoding = 4; lastKnownFileType = sourcecode.c.objc; lineEnding = 0; path = BraintreeDemoDemoContainmentViewController.m; sourceTree = "<group>"; xcLanguageSpecificationIdentifier = xcode.lang.objc; };
		A76B19B01B79708900452CFA /* BraintreeDemoIntegrationViewController.h */ = {isa = PBXFileReference; fileEncoding = 4; lastKnownFileType = sourcecode.c.h; path = BraintreeDemoIntegrationViewController.h; sourceTree = "<group>"; };
		A76B19B11B79708900452CFA /* BraintreeDemoIntegrationViewController.m */ = {isa = PBXFileReference; fileEncoding = 4; lastKnownFileType = sourcecode.c.objc; path = BraintreeDemoIntegrationViewController.m; sourceTree = "<group>"; };
		A76B19B21B79708900452CFA /* BraintreeDemoSlideNavigationController.h */ = {isa = PBXFileReference; fileEncoding = 4; lastKnownFileType = sourcecode.c.h; path = BraintreeDemoSlideNavigationController.h; sourceTree = "<group>"; };
		A76B19B31B79708900452CFA /* BraintreeDemoSlideNavigationController.m */ = {isa = PBXFileReference; fileEncoding = 4; lastKnownFileType = sourcecode.c.objc; path = BraintreeDemoSlideNavigationController.m; sourceTree = "<group>"; };
		A76B19B51B79708900452CFA /* Launch Screen.storyboard */ = {isa = PBXFileReference; fileEncoding = 4; lastKnownFileType = file.storyboard; path = "Launch Screen.storyboard"; sourceTree = "<group>"; };
		A76B19B71B79708900452CFA /* BraintreeDemoSettings.h */ = {isa = PBXFileReference; fileEncoding = 4; lastKnownFileType = sourcecode.c.h; path = BraintreeDemoSettings.h; sourceTree = "<group>"; };
		A76B19B81B79708900452CFA /* BraintreeDemoSettings.m */ = {isa = PBXFileReference; fileEncoding = 4; lastKnownFileType = sourcecode.c.objc; path = BraintreeDemoSettings.m; sourceTree = "<group>"; };
		A76B19B91B79708900452CFA /* Settings.bundle */ = {isa = PBXFileReference; lastKnownFileType = "wrapper.plug-in"; path = Settings.bundle; sourceTree = "<group>"; };
		A76B19FE1B79708A00452CFA /* Images.xcassets */ = {isa = PBXFileReference; lastKnownFileType = folder.assetcatalog; path = Images.xcassets; sourceTree = "<group>"; };
		A76B1A001B79708A00452CFA /* BraintreeDemoMerchantAPI.h */ = {isa = PBXFileReference; fileEncoding = 4; lastKnownFileType = sourcecode.c.h; path = BraintreeDemoMerchantAPI.h; sourceTree = "<group>"; };
		A76B1A011B79708A00452CFA /* BraintreeDemoMerchantAPI.m */ = {isa = PBXFileReference; fileEncoding = 4; lastKnownFileType = sourcecode.c.objc; path = BraintreeDemoMerchantAPI.m; sourceTree = "<group>"; };
		A76B1A021B79708A00452CFA /* README.md */ = {isa = PBXFileReference; fileEncoding = 4; lastKnownFileType = net.daringfireball.markdown; path = README.md; sourceTree = "<group>"; };
		A76B1A041B79708A00452CFA /* Braintree-Demo-Info.plist */ = {isa = PBXFileReference; fileEncoding = 4; lastKnownFileType = text.plist.xml; path = "Braintree-Demo-Info.plist"; sourceTree = "<group>"; };
		A76B1A051B79708A00452CFA /* Braintree-Demo-Prefix.pch */ = {isa = PBXFileReference; fileEncoding = 4; lastKnownFileType = sourcecode.c.h; path = "Braintree-Demo-Prefix.pch"; sourceTree = "<group>"; };
		A76B1A071B79708A00452CFA /* en */ = {isa = PBXFileReference; lastKnownFileType = text.plist.strings; name = en; path = en.lproj/InfoPlist.strings; sourceTree = "<group>"; };
		A76B1A091B79708A00452CFA /* en */ = {isa = PBXFileReference; lastKnownFileType = text.plist.strings; name = en; path = en.lproj/Main.strings; sourceTree = "<group>"; };
		A76B1A0A1B79708A00452CFA /* main.m */ = {isa = PBXFileReference; fileEncoding = 4; lastKnownFileType = sourcecode.c.objc; path = main.m; sourceTree = "<group>"; };
		A76DF9EB1DC146AA005CB013 /* BTVisaCheckoutCardNonce.m */ = {isa = PBXFileReference; fileEncoding = 4; lastKnownFileType = sourcecode.c.objc; path = BTVisaCheckoutCardNonce.m; sourceTree = "<group>"; };
		A76DF9EE1DC146F7005CB013 /* BraintreeVisaCheckout.h */ = {isa = PBXFileReference; fileEncoding = 4; lastKnownFileType = sourcecode.c.h; path = BraintreeVisaCheckout.h; sourceTree = "<group>"; };
		A76DF9EF1DC146F7005CB013 /* BTVisaCheckoutCardNonce.h */ = {isa = PBXFileReference; fileEncoding = 4; lastKnownFileType = sourcecode.c.h; path = BTVisaCheckoutCardNonce.h; sourceTree = "<group>"; };
		A76DF9F01DC146F7005CB013 /* BTVisaCheckoutClient.h */ = {isa = PBXFileReference; fileEncoding = 4; lastKnownFileType = sourcecode.c.h; path = BTVisaCheckoutClient.h; sourceTree = "<group>"; };
		A76DF9FB1DC14A97005CB013 /* BTVisaCheckoutClient_Internal.h */ = {isa = PBXFileReference; fileEncoding = 4; lastKnownFileType = sourcecode.c.h; path = BTVisaCheckoutClient_Internal.h; sourceTree = "<group>"; };
		A79F82221E93076A00196D97 /* BraintreeVisaCheckout-DemoVisaCheckout-Info.plist */ = {isa = PBXFileReference; lastKnownFileType = text.plist.xml; path = "BraintreeVisaCheckout-DemoVisaCheckout-Info.plist"; sourceTree = "<group>"; };
		A7A329AB1E96E40E00EE6643 /* BraintreeDemoBTPaymentButtonViewController.h */ = {isa = PBXFileReference; fileEncoding = 4; lastKnownFileType = sourcecode.c.h; path = BraintreeDemoBTPaymentButtonViewController.h; sourceTree = "<group>"; };
		A7A329AC1E96E40E00EE6643 /* BraintreeDemoBTPaymentButtonViewController.m */ = {isa = PBXFileReference; fileEncoding = 4; lastKnownFileType = sourcecode.c.objc; path = BraintreeDemoBTPaymentButtonViewController.m; sourceTree = "<group>"; };
		A7A5EC5E1E95B05100A3F766 /* Info.plist */ = {isa = PBXFileReference; fileEncoding = 4; lastKnownFileType = text.plist.xml; path = Info.plist; sourceTree = "<group>"; };
		A7ADE7441E92F2470013920F /* DemoVisaCheckout.app */ = {isa = PBXFileReference; explicitFileType = wrapper.application; includeInIndex = 0; path = DemoVisaCheckout.app; sourceTree = BUILT_PRODUCTS_DIR; };
		A7B7989B1C233C57001327FA /* BTConfiguration_Tests.swift */ = {isa = PBXFileReference; fileEncoding = 4; lastKnownFileType = sourcecode.swift; name = BTConfiguration_Tests.swift; path = ../UnitTests/BTConfiguration_Tests.swift; sourceTree = "<group>"; };
		A7CF46361E98569E002DB50F /* BTSpecDependencies.h */ = {isa = PBXFileReference; fileEncoding = 4; lastKnownFileType = sourcecode.c.h; path = BTSpecDependencies.h; sourceTree = "<group>"; };
		A7CF46371E98569E002DB50F /* BTSpecHelper.h */ = {isa = PBXFileReference; fileEncoding = 4; lastKnownFileType = sourcecode.c.h; path = BTSpecHelper.h; sourceTree = "<group>"; };
		A7CF46381E98569E002DB50F /* BTSpecHelper.m */ = {isa = PBXFileReference; fileEncoding = 4; lastKnownFileType = sourcecode.c.objc; path = BTSpecHelper.m; sourceTree = "<group>"; };
		A7CF46391E98569E002DB50F /* BTTestClientTokenFactory.h */ = {isa = PBXFileReference; fileEncoding = 4; lastKnownFileType = sourcecode.c.h; path = BTTestClientTokenFactory.h; sourceTree = "<group>"; };
		A7CF463A1E98569E002DB50F /* BTTestClientTokenFactory.m */ = {isa = PBXFileReference; fileEncoding = 4; lastKnownFileType = sourcecode.c.objc; path = BTTestClientTokenFactory.m; sourceTree = "<group>"; };
		A7CF463D1E98569E002DB50F /* MockAPIClient.swift */ = {isa = PBXFileReference; fileEncoding = 4; lastKnownFileType = sourcecode.swift; path = MockAPIClient.swift; sourceTree = "<group>"; };
		A7CF464D1E9BF21C002DB50F /* BraintreeVisaCheckoutIntegrationTests.m */ = {isa = PBXFileReference; lastKnownFileType = sourcecode.c.objc; path = BraintreeVisaCheckoutIntegrationTests.m; sourceTree = "<group>"; };
		A7CF464F1E9BF21C002DB50F /* Info.plist */ = {isa = PBXFileReference; lastKnownFileType = text.plist.xml; path = Info.plist; sourceTree = "<group>"; };
		A7CF46681E9BF278002DB50F /* BTIntegrationTestsConstants.h */ = {isa = PBXFileReference; fileEncoding = 4; lastKnownFileType = sourcecode.c.h; path = BTIntegrationTestsConstants.h; sourceTree = "<group>"; };
		A7CF466B1E9BF278002DB50F /* IntegrationTests.pch */ = {isa = PBXFileReference; fileEncoding = 4; lastKnownFileType = sourcecode.c.h; path = IntegrationTests.pch; sourceTree = "<group>"; };
		A7CF46A51E9C0298002DB50F /* UITests.xctest */ = {isa = PBXFileReference; explicitFileType = wrapper.cfbundle; includeInIndex = 0; path = UITests.xctest; sourceTree = BUILT_PRODUCTS_DIR; };
		A7D42CE51E7084A400AD9B6E /* BTVisaCheckoutAddress.m */ = {isa = PBXFileReference; fileEncoding = 4; lastKnownFileType = sourcecode.c.objc; path = BTVisaCheckoutAddress.m; sourceTree = "<group>"; };
		A7D42CE81E708A1B00AD9B6E /* BTVisaCheckoutAddress.h */ = {isa = PBXFileReference; fileEncoding = 4; lastKnownFileType = sourcecode.c.h; path = BTVisaCheckoutAddress.h; sourceTree = "<group>"; };
		A7D42CEB1E708F8100AD9B6E /* BTVisaCheckoutUserData.m */ = {isa = PBXFileReference; fileEncoding = 4; lastKnownFileType = sourcecode.c.objc; path = BTVisaCheckoutUserData.m; sourceTree = "<group>"; };
		A7D42CEF1E708FA000AD9B6E /* BTVisaCheckoutUserData.h */ = {isa = PBXFileReference; fileEncoding = 4; lastKnownFileType = sourcecode.c.h; path = BTVisaCheckoutUserData.h; sourceTree = "<group>"; };
		A7E993111E98039400591B79 /* BTConfiguration+VisaCheckout.m */ = {isa = PBXFileReference; fileEncoding = 4; lastKnownFileType = sourcecode.c.objc; path = "BTConfiguration+VisaCheckout.m"; sourceTree = "<group>"; };
		A7E993141E9803A100591B79 /* BTConfiguration+VisaCheckout.h */ = {isa = PBXFileReference; fileEncoding = 4; lastKnownFileType = sourcecode.c.h; path = "BTConfiguration+VisaCheckout.h"; sourceTree = "<group>"; };
		B107866942020805B0A852BB /* Pods-Tests-UnitTests.debug.xcconfig */ = {isa = PBXFileReference; includeInIndex = 1; lastKnownFileType = text.xcconfig; name = "Pods-Tests-UnitTests.debug.xcconfig"; path = "Pods/Target Support Files/Pods-Tests-UnitTests/Pods-Tests-UnitTests.debug.xcconfig"; sourceTree = "<group>"; };
		BC8F5276274C0C9D00750A24 /* VisaCheckoutSDK.xcframework */ = {isa = PBXFileReference; lastKnownFileType = wrapper.xcframework; path = VisaCheckoutSDK.xcframework; sourceTree = "<group>"; };
		D26745E5D7A15182D785D554 /* Pods-DemoVisaCheckout.debug.xcconfig */ = {isa = PBXFileReference; includeInIndex = 1; lastKnownFileType = text.xcconfig; name = "Pods-DemoVisaCheckout.debug.xcconfig"; path = "Pods/Target Support Files/Pods-DemoVisaCheckout/Pods-DemoVisaCheckout.debug.xcconfig"; sourceTree = "<group>"; };
		D35F9DB0DE0E79396807DF2A /* Pods-Tests-IntegrationTests.release.xcconfig */ = {isa = PBXFileReference; includeInIndex = 1; lastKnownFileType = text.xcconfig; name = "Pods-Tests-IntegrationTests.release.xcconfig"; path = "Pods/Target Support Files/Pods-Tests-IntegrationTests/Pods-Tests-IntegrationTests.release.xcconfig"; sourceTree = "<group>"; };
		D6DE62C0CF66D65BEBA0497D /* Pods_Tests_UnitTests.framework */ = {isa = PBXFileReference; explicitFileType = wrapper.framework; includeInIndex = 0; path = Pods_Tests_UnitTests.framework; sourceTree = BUILT_PRODUCTS_DIR; };
		EEEC91221E9EAA4D00926158 /* IntegrationTests.xctest */ = {isa = PBXFileReference; explicitFileType = wrapper.cfbundle; includeInIndex = 0; path = IntegrationTests.xctest; sourceTree = BUILT_PRODUCTS_DIR; };
/* End PBXFileReference section */

/* Begin PBXFrameworksBuildPhase section */
		A75A01F81DC13220007819EE /* Frameworks */ = {
			isa = PBXFrameworksBuildPhase;
			buildActionMask = 2147483647;
			files = (
				BC8F5277274C0C9D00750A24 /* VisaCheckoutSDK.xcframework in Frameworks */,
			);
			runOnlyForDeploymentPostprocessing = 0;
		};
		A7662A481E9851020002117A /* Frameworks */ = {
			isa = PBXFrameworksBuildPhase;
			buildActionMask = 2147483647;
			files = (
				C44958E0964B525C35AFF6C5 /* Pods_Tests_UnitTests.framework in Frameworks */,
			);
			runOnlyForDeploymentPostprocessing = 0;
		};
		A7ADE7171E92F2470013920F /* Frameworks */ = {
			isa = PBXFrameworksBuildPhase;
			buildActionMask = 2147483647;
			files = (
				0E42342A53BF3CC362D36990 /* Pods_DemoVisaCheckout.framework in Frameworks */,
			);
			runOnlyForDeploymentPostprocessing = 0;
		};
		A7CF46A21E9C0298002DB50F /* Frameworks */ = {
			isa = PBXFrameworksBuildPhase;
			buildActionMask = 2147483647;
			files = (
			);
			runOnlyForDeploymentPostprocessing = 0;
		};
		EEEC911A1E9EAA4D00926158 /* Frameworks */ = {
			isa = PBXFrameworksBuildPhase;
			buildActionMask = 2147483647;
			files = (
				01F3125269AC4998424352F5 /* Pods_Tests_IntegrationTests.framework in Frameworks */,
			);
			runOnlyForDeploymentPostprocessing = 0;
		};
/* End PBXFrameworksBuildPhase section */

/* Begin PBXGroup section */
		428E344B258AB78E00C744DD /* Frameworks */ = {
			isa = PBXGroup;
			children = (
				BC8F5276274C0C9D00750A24 /* VisaCheckoutSDK.xcframework */,
				22298CB43CC76CC77B34F8FF /* Pods_DemoVisaCheckout.framework */,
				87134E11D91C97647E2B7E3B /* Pods_Tests_IntegrationTests.framework */,
				D6DE62C0CF66D65BEBA0497D /* Pods_Tests_UnitTests.framework */,
			);
			path = Frameworks;
			sourceTree = "<group>";
		};
		849A6F841EA14A6B00CD0F95 /* Braintree Internal Headers */ = {
			isa = PBXGroup;
			children = (
				849A6F851EA14A8F00CD0F95 /* BTAPIClient_Internal_Category.h */,
			);
			name = "Braintree Internal Headers";
			sourceTree = "<group>";
		};
		A7245DED1D8B569800FF4459 /* Visa Checkout */ = {
			isa = PBXGroup;
			children = (
				A7245DF11D8B570B00FF4459 /* BraintreeDemoVisaCheckoutViewController.h */,
				A7245DEE1D8B56D300FF4459 /* BraintreeDemoVisaCheckoutViewController.m */,
			);
			name = "Visa Checkout";
			sourceTree = "<group>";
		};
		A74D1AD61E9EF24000893D28 /* Helpers */ = {
			isa = PBXGroup;
			children = (
				A74D1AD71E9EF24000893D28 /* BTUITest.swift */,
			);
			name = Helpers;
			path = UITests/Helpers;
			sourceTree = SOURCE_ROOT;
		};
		A75A01FD1DC13220007819EE /* BraintreeVisaCheckout */ = {
			isa = PBXGroup;
			children = (
				849A6F841EA14A6B00CD0F95 /* Braintree Internal Headers */,
				A7A5EC5E1E95B05100A3F766 /* Info.plist */,
				A7E993111E98039400591B79 /* BTConfiguration+VisaCheckout.m */,
				A7D42CE51E7084A400AD9B6E /* BTVisaCheckoutAddress.m */,
				A76DF9EB1DC146AA005CB013 /* BTVisaCheckoutCardNonce.m */,
				A76DF9FB1DC14A97005CB013 /* BTVisaCheckoutClient_Internal.h */,
				A75A02191DC144F8007819EE /* BTVisaCheckoutClient.m */,
				A7D42CEB1E708F8100AD9B6E /* BTVisaCheckoutUserData.m */,
				A76DF9ED1DC146F7005CB013 /* Public */,
			);
			path = BraintreeVisaCheckout;
			sourceTree = "<group>";
		};
		A75DA343192138F000D997A2 = {
			isa = PBXGroup;
			children = (
				A75A01FD1DC13220007819EE /* BraintreeVisaCheckout */,
				A76B19A21B79708900452CFA /* Demo */,
				428E344B258AB78E00C744DD /* Frameworks */,
				A7CF464C1E9BF21C002DB50F /* IntegrationTests */,
				A767D759F6A9E51A61843048 /* Pods */,
				A75DA3521921394200D997A2 /* Products */,
				A7CF46A61E9C0298002DB50F /* UITests */,
				A7662A4C1E9851020002117A /* UnitTests */,
			);
			sourceTree = "<group>";
		};
		A75DA3521921394200D997A2 /* Products */ = {
			isa = PBXGroup;
			children = (
				A75A01FC1DC13220007819EE /* BraintreeVisaCheckout.framework */,
				A7ADE7441E92F2470013920F /* DemoVisaCheckout.app */,
				A7662A4B1E9851020002117A /* UnitTests.xctest */,
				A7CF46A51E9C0298002DB50F /* UITests.xctest */,
				EEEC91221E9EAA4D00926158 /* IntegrationTests.xctest */,
			);
			name = Products;
			sourceTree = "<group>";
		};
		A7662A4C1E9851020002117A /* UnitTests */ = {
			isa = PBXGroup;
			children = (
				A7CF46311E98569E002DB50F /* Helpers */,
				A7662A631E98542F0002117A /* BTVisaCheckout_Tests.swift */,
				A7B7989B1C233C57001327FA /* BTConfiguration_Tests.swift */,
				A7662A4F1E9851020002117A /* Info.plist */,
				A7662A601E9853330002117A /* UnitTests-Bridging-Header.h */,
			);
			path = UnitTests;
			sourceTree = "<group>";
		};
		A767D759F6A9E51A61843048 /* Pods */ = {
			isa = PBXGroup;
			children = (
				D26745E5D7A15182D785D554 /* Pods-DemoVisaCheckout.debug.xcconfig */,
				6B5A6BB4A391790E7A69DBFC /* Pods-DemoVisaCheckout.release.xcconfig */,
				06583E7C5107F9E5DF16D64F /* Pods-Tests-BraintreeVisaCheckoutIntegrationTests.debug.xcconfig */,
				58AC48F789992CED2486BD25 /* Pods-Tests-BraintreeVisaCheckoutIntegrationTests.release.xcconfig */,
				7B5E8B27B2B937BF0B6D4CA9 /* Pods-Tests-BraintreeVisaCheckoutSwiftUnitTests.debug.xcconfig */,
				3447EA93E4C90E5EE9F0E7BD /* Pods-Tests-BraintreeVisaCheckoutSwiftUnitTests.release.xcconfig */,
				6AB91B4878F55E9F9D986F12 /* Pods-Tests-IntegrationTests.debug.xcconfig */,
				D35F9DB0DE0E79396807DF2A /* Pods-Tests-IntegrationTests.release.xcconfig */,
				B107866942020805B0A852BB /* Pods-Tests-UnitTests.debug.xcconfig */,
				4E1ABC2E86041EF6025A0E8B /* Pods-Tests-UnitTests.release.xcconfig */,
			);
			name = Pods;
			sourceTree = "<group>";
		};
		A76B19A21B79708900452CFA /* Demo */ = {
			isa = PBXGroup;
			children = (
				A76B19A41B79708900452CFA /* Demo Base */,
				A76B19BE1B79708900452CFA /* Features */,
				A76B19FF1B79708A00452CFA /* Merchant API Client */,
				A76B1A031B79708A00452CFA /* Supporting Files */,
				A76B19A31B79708900452CFA /* Braintree-Demo.entitlements */,
				A76B19FE1B79708A00452CFA /* Images.xcassets */,
				A76B1A021B79708A00452CFA /* README.md */,
			);
			path = Demo;
			sourceTree = "<group>";
		};
		A76B19A41B79708900452CFA /* Demo Base */ = {
			isa = PBXGroup;
			children = (
				A76B19A51B79708900452CFA /* Base View Controllers */,
				A76B19B61B79708900452CFA /* Settings */,
				A76B19AC1B79708900452CFA /* BraintreeDemoAppDelegate.h */,
				A76B19AD1B79708900452CFA /* BraintreeDemoAppDelegate.m */,
				A76B19AE1B79708900452CFA /* BraintreeDemoDemoContainmentViewController.h */,
				A76B19AF1B79708900452CFA /* BraintreeDemoDemoContainmentViewController.m */,
				A76B19B01B79708900452CFA /* BraintreeDemoIntegrationViewController.h */,
				A76B19B11B79708900452CFA /* BraintreeDemoIntegrationViewController.m */,
				A76B19B21B79708900452CFA /* BraintreeDemoSlideNavigationController.h */,
				A76B19B31B79708900452CFA /* BraintreeDemoSlideNavigationController.m */,
				A76B19B51B79708900452CFA /* Launch Screen.storyboard */,
				80B99516258C0A0300B38824 /* ViewHelpers.swift */,
				80B99515258C0A0200B38824 /* DemoVisaCheckout-Bridging-Header.h */,
			);
			path = "Demo Base";
			sourceTree = "<group>";
		};
		A76B19A51B79708900452CFA /* Base View Controllers */ = {
			isa = PBXGroup;
			children = (
				A76B19A61B79708900452CFA /* BraintreeDemoBaseViewController.h */,
				A76B19A71B79708900452CFA /* BraintreeDemoBaseViewController.m */,
				A76B19A81B79708900452CFA /* BraintreeDemoPaymentButtonBaseViewController.h */,
				A76B19A91B79708900452CFA /* BraintreeDemoPaymentButtonBaseViewController.m */,
			);
			path = "Base View Controllers";
			sourceTree = "<group>";
		};
		A76B19B61B79708900452CFA /* Settings */ = {
			isa = PBXGroup;
			children = (
				A76B19B71B79708900452CFA /* BraintreeDemoSettings.h */,
				A76B19B81B79708900452CFA /* BraintreeDemoSettings.m */,
				A76B19B91B79708900452CFA /* Settings.bundle */,
			);
			path = Settings;
			sourceTree = "<group>";
		};
		A76B19BE1B79708900452CFA /* Features */ = {
			isa = PBXGroup;
			children = (
				A7A329AA1E96E40E00EE6643 /* Combined Button - BTPaymentButton */,
				A7245DED1D8B569800FF4459 /* Visa Checkout */,
			);
			path = Features;
			sourceTree = "<group>";
		};
		A76B19FF1B79708A00452CFA /* Merchant API Client */ = {
			isa = PBXGroup;
			children = (
				A76B1A001B79708A00452CFA /* BraintreeDemoMerchantAPI.h */,
				A76B1A011B79708A00452CFA /* BraintreeDemoMerchantAPI.m */,
			);
			path = "Merchant API Client";
			sourceTree = "<group>";
		};
		A76B1A031B79708A00452CFA /* Supporting Files */ = {
			isa = PBXGroup;
			children = (
				A76B1A041B79708A00452CFA /* Braintree-Demo-Info.plist */,
				A79F82221E93076A00196D97 /* BraintreeVisaCheckout-DemoVisaCheckout-Info.plist */,
				A76B1A051B79708A00452CFA /* Braintree-Demo-Prefix.pch */,
				A76B1A061B79708A00452CFA /* InfoPlist.strings */,
				A76B1A081B79708A00452CFA /* Main.strings */,
				A76B1A0A1B79708A00452CFA /* main.m */,
			);
			path = "Supporting Files";
			sourceTree = "<group>";
		};
		A76DF9ED1DC146F7005CB013 /* Public */ = {
			isa = PBXGroup;
			children = (
				A7E993141E9803A100591B79 /* BTConfiguration+VisaCheckout.h */,
				A76DF9EE1DC146F7005CB013 /* BraintreeVisaCheckout.h */,
				A7D42CE81E708A1B00AD9B6E /* BTVisaCheckoutAddress.h */,
				A76DF9EF1DC146F7005CB013 /* BTVisaCheckoutCardNonce.h */,
				A76DF9F01DC146F7005CB013 /* BTVisaCheckoutClient.h */,
				A7D42CEF1E708FA000AD9B6E /* BTVisaCheckoutUserData.h */,
			);
			path = Public;
			sourceTree = "<group>";
		};
		A7A329AA1E96E40E00EE6643 /* Combined Button - BTPaymentButton */ = {
			isa = PBXGroup;
			children = (
				A7A329AB1E96E40E00EE6643 /* BraintreeDemoBTPaymentButtonViewController.h */,
				A7A329AC1E96E40E00EE6643 /* BraintreeDemoBTPaymentButtonViewController.m */,
			);
			path = "Combined Button - BTPaymentButton";
			sourceTree = "<group>";
		};
		A7CF46311E98569E002DB50F /* Helpers */ = {
			isa = PBXGroup;
			children = (
				A7CF46361E98569E002DB50F /* BTSpecDependencies.h */,
				A7CF46371E98569E002DB50F /* BTSpecHelper.h */,
				A7CF46381E98569E002DB50F /* BTSpecHelper.m */,
				A7CF46391E98569E002DB50F /* BTTestClientTokenFactory.h */,
				A7CF463A1E98569E002DB50F /* BTTestClientTokenFactory.m */,
				A7CF463D1E98569E002DB50F /* MockAPIClient.swift */,
			);
			path = Helpers;
			sourceTree = "<group>";
		};
		A7CF464C1E9BF21C002DB50F /* IntegrationTests */ = {
			isa = PBXGroup;
			children = (
				A7CF46671E9BF278002DB50F /* Helpers */,
				A7CF466B1E9BF278002DB50F /* IntegrationTests.pch */,
				A7CF464D1E9BF21C002DB50F /* BraintreeVisaCheckoutIntegrationTests.m */,
				A7CF464F1E9BF21C002DB50F /* Info.plist */,
			);
			path = IntegrationTests;
			sourceTree = "<group>";
		};
		A7CF46671E9BF278002DB50F /* Helpers */ = {
			isa = PBXGroup;
			children = (
				A7CF46681E9BF278002DB50F /* BTIntegrationTestsConstants.h */,
			);
			path = Helpers;
			sourceTree = "<group>";
		};
		A7CF46A61E9C0298002DB50F /* UITests */ = {
			isa = PBXGroup;
			children = (
				A74D1AD51E9EF24000893D28 /* BraintreeVisaCheckout_UITests.swift */,
				A74D1AD61E9EF24000893D28 /* Helpers */,
				A74D1AD81E9EF24000893D28 /* Info.plist */,
			);
			path = UITests;
			sourceTree = "<group>";
		};
/* End PBXGroup section */

/* Begin PBXHeadersBuildPhase section */
		A75A01F91DC13220007819EE /* Headers */ = {
			isa = PBXHeadersBuildPhase;
			buildActionMask = 2147483647;
			files = (
				A7D42CE91E708A1B00AD9B6E /* BTVisaCheckoutAddress.h in Headers */,
				A76DF9F21DC146F7005CB013 /* BraintreeVisaCheckout.h in Headers */,
				A7D42CF01E708FA000AD9B6E /* BTVisaCheckoutUserData.h in Headers */,
				A76DF9F41DC146F7005CB013 /* BTVisaCheckoutClient.h in Headers */,
				A76DF9F31DC146F7005CB013 /* BTVisaCheckoutCardNonce.h in Headers */,
				EEF9DC6A1F1430FB00FFB875 /* BTAPIClient_Internal_Category.h in Headers */,
				A7E993151E9803A100591B79 /* BTConfiguration+VisaCheckout.h in Headers */,
				A76DF9FC1DC14A97005CB013 /* BTVisaCheckoutClient_Internal.h in Headers */,
			);
			runOnlyForDeploymentPostprocessing = 0;
		};
/* End PBXHeadersBuildPhase section */

/* Begin PBXNativeTarget section */
		A75A01FB1DC13220007819EE /* BraintreeVisaCheckout */ = {
			isa = PBXNativeTarget;
			buildConfigurationList = A75A02131DC13220007819EE /* Build configuration list for PBXNativeTarget "BraintreeVisaCheckout" */;
			buildPhases = (
				A75A01F71DC13220007819EE /* Sources */,
				A75A01F81DC13220007819EE /* Frameworks */,
				A75A01F91DC13220007819EE /* Headers */,
				A75A01FA1DC13220007819EE /* Resources */,
			);
			buildRules = (
			);
			dependencies = (
			);
			name = BraintreeVisaCheckout;
			productName = BraintreeVisaCheckout;
			productReference = A75A01FC1DC13220007819EE /* BraintreeVisaCheckout.framework */;
			productType = "com.apple.product-type.framework";
		};
		A7662A4A1E9851020002117A /* UnitTests */ = {
			isa = PBXNativeTarget;
			buildConfigurationList = A7662A521E9851020002117A /* Build configuration list for PBXNativeTarget "UnitTests" */;
			buildPhases = (
				9FA859F707AA2A754221DA40 /* [CP] Check Pods Manifest.lock */,
				A7662A471E9851020002117A /* Sources */,
				A7662A481E9851020002117A /* Frameworks */,
				A7662A491E9851020002117A /* Resources */,
				3C01C805E8BF00D0BC49BA7C /* [CP] Embed Pods Frameworks */,
			);
			buildRules = (
			);
			dependencies = (
				A7662A511E9851020002117A /* PBXTargetDependency */,
			);
			name = UnitTests;
			productName = BraintreeVisaCheckoutSwiftUnitTests;
			productReference = A7662A4B1E9851020002117A /* UnitTests.xctest */;
			productType = "com.apple.product-type.bundle.unit-test";
		};
		A7ADE6E21E92F2470013920F /* DemoVisaCheckout */ = {
			isa = PBXNativeTarget;
			buildConfigurationList = A7ADE7411E92F2470013920F /* Build configuration list for PBXNativeTarget "DemoVisaCheckout" */;
			buildPhases = (
				2CE524DAF186D335F565545D /* [CP] Check Pods Manifest.lock */,
				A7ADE6FC1E92F2470013920F /* Sources */,
				A7ADE7171E92F2470013920F /* Frameworks */,
				A7ADE7271E92F2470013920F /* Resources */,
				A7ADE7321E92F2470013920F /* Embed Frameworks */,
				C1F2EC318D98517BCEE0C5E1 /* [CP] Embed Pods Frameworks */,
			);
			buildRules = (
			);
			dependencies = (
			);
			name = DemoVisaCheckout;
			productName = "Braintree-Demo";
			productReference = A7ADE7441E92F2470013920F /* DemoVisaCheckout.app */;
			productType = "com.apple.product-type.application";
		};
		A7CF46A41E9C0298002DB50F /* UITests */ = {
			isa = PBXNativeTarget;
			buildConfigurationList = A7CF46AE1E9C0298002DB50F /* Build configuration list for PBXNativeTarget "UITests" */;
			buildPhases = (
				A7CF46A11E9C0298002DB50F /* Sources */,
				A7CF46A21E9C0298002DB50F /* Frameworks */,
				A7CF46A31E9C0298002DB50F /* Resources */,
			);
			buildRules = (
			);
			dependencies = (
				A7CF46AB1E9C0298002DB50F /* PBXTargetDependency */,
			);
			name = UITests;
			productName = BraintreeVisaCheckoutUITests;
			productReference = A7CF46A51E9C0298002DB50F /* UITests.xctest */;
			productType = "com.apple.product-type.bundle.ui-testing";
		};
		EEEC91121E9EAA4D00926158 /* IntegrationTests */ = {
			isa = PBXNativeTarget;
			buildConfigurationList = EEEC911F1E9EAA4D00926158 /* Build configuration list for PBXNativeTarget "IntegrationTests" */;
			buildPhases = (
				EEEC91171E9EAA4D00926158 /* [CP] Check Pods Manifest.lock */,
				EEEC91181E9EAA4D00926158 /* Sources */,
				EEEC911A1E9EAA4D00926158 /* Frameworks */,
				EEEC911C1E9EAA4D00926158 /* Resources */,
				EEEC911D1E9EAA4D00926158 /* [CP] Embed Pods Frameworks */,
			);
			buildRules = (
			);
			dependencies = (
				EEEC91151E9EAA4D00926158 /* PBXTargetDependency */,
			);
			name = IntegrationTests;
			productName = BraintreeVisaCheckoutIntegrationTests;
			productReference = EEEC91221E9EAA4D00926158 /* IntegrationTests.xctest */;
			productType = "com.apple.product-type.bundle.unit-test";
		};
/* End PBXNativeTarget section */

/* Begin PBXProject section */
		A75DA344192138F000D997A2 /* Project object */ = {
			isa = PBXProject;
			attributes = {
				CLASSPREFIX = BT;
				LastSwiftUpdateCheck = 0820;
				LastUpgradeCheck = 1230;
				TargetAttributes = {
					A75A01FB1DC13220007819EE = {
						CreatedOnToolsVersion = 8.1;
						ProvisioningStyle = Manual;
					};
					A7662A4A1E9851020002117A = {
						CreatedOnToolsVersion = 8.2.1;
						LastSwiftMigration = 0820;
						ProvisioningStyle = Automatic;
						TestTargetID = A7ADE6E21E92F2470013920F;
					};
					A7ADE6E21E92F2470013920F = {
						LastSwiftMigration = 1230;
					};
					A7CF46A41E9C0298002DB50F = {
						CreatedOnToolsVersion = 8.2.1;
						LastSwiftMigration = 0820;
						ProvisioningStyle = Automatic;
						TestTargetID = A7ADE6E21E92F2470013920F;
					};
				};
			};
			buildConfigurationList = A75DA347192138F000D997A2 /* Build configuration list for PBXProject "BraintreeVisaCheckout" */;
			compatibilityVersion = "Xcode 3.2";
			developmentRegion = English;
			hasScannedForEncodings = 0;
			knownRegions = (
				English,
				en,
				Base,
				en_US,
				da_DK,
				de_DE,
				en_AU,
				en_CA,
				en_GB,
				en_UK,
				es_ES,
				es_XC,
				fr_CA,
				fr_FR,
				fr_XC,
				he_IL,
				it_IT,
				nl_NL,
				no_NO,
				pl_PL,
				pt_PT,
				ru_RU,
				sv_SE,
				tr_TR,
				zh_XC,
				da,
				de,
				es,
				fr,
				he,
				it,
				nb,
				nl,
				pl,
				pt,
				ru,
				sv,
				tr,
				"zh-Hans",
			);
			mainGroup = A75DA343192138F000D997A2;
			productRefGroup = A75DA3521921394200D997A2 /* Products */;
			projectDirPath = "";
			projectRoot = "";
			targets = (
				A75A01FB1DC13220007819EE /* BraintreeVisaCheckout */,
				A7ADE6E21E92F2470013920F /* DemoVisaCheckout */,
				EEEC91121E9EAA4D00926158 /* IntegrationTests */,
				A7662A4A1E9851020002117A /* UnitTests */,
				A7CF46A41E9C0298002DB50F /* UITests */,
			);
		};
/* End PBXProject section */

/* Begin PBXResourcesBuildPhase section */
		A75A01FA1DC13220007819EE /* Resources */ = {
			isa = PBXResourcesBuildPhase;
			buildActionMask = 2147483647;
			files = (
			);
			runOnlyForDeploymentPostprocessing = 0;
		};
		A7662A491E9851020002117A /* Resources */ = {
			isa = PBXResourcesBuildPhase;
			buildActionMask = 2147483647;
			files = (
			);
			runOnlyForDeploymentPostprocessing = 0;
		};
		A7ADE7271E92F2470013920F /* Resources */ = {
			isa = PBXResourcesBuildPhase;
			buildActionMask = 2147483647;
			files = (
				A7ADE7291E92F2470013920F /* Main.strings in Resources */,
				A7ADE72A1E92F2470013920F /* Images.xcassets in Resources */,
				A7ADE72B1E92F2470013920F /* Settings.bundle in Resources */,
				A7ADE72C1E92F2470013920F /* Launch Screen.storyboard in Resources */,
				A7ADE7311E92F2470013920F /* InfoPlist.strings in Resources */,
			);
			runOnlyForDeploymentPostprocessing = 0;
		};
		A7CF46A31E9C0298002DB50F /* Resources */ = {
			isa = PBXResourcesBuildPhase;
			buildActionMask = 2147483647;
			files = (
			);
			runOnlyForDeploymentPostprocessing = 0;
		};
		EEEC911C1E9EAA4D00926158 /* Resources */ = {
			isa = PBXResourcesBuildPhase;
			buildActionMask = 2147483647;
			files = (
			);
			runOnlyForDeploymentPostprocessing = 0;
		};
/* End PBXResourcesBuildPhase section */

/* Begin PBXShellScriptBuildPhase section */
		2CE524DAF186D335F565545D /* [CP] Check Pods Manifest.lock */ = {
			isa = PBXShellScriptBuildPhase;
			buildActionMask = 2147483647;
			files = (
			);
			inputPaths = (
				"${PODS_PODFILE_DIR_PATH}/Podfile.lock",
				"${PODS_ROOT}/Manifest.lock",
			);
			name = "[CP] Check Pods Manifest.lock";
			outputPaths = (
				"$(DERIVED_FILE_DIR)/Pods-DemoVisaCheckout-checkManifestLockResult.txt",
			);
			runOnlyForDeploymentPostprocessing = 0;
			shellPath = /bin/sh;
			shellScript = "diff \"${PODS_PODFILE_DIR_PATH}/Podfile.lock\" \"${PODS_ROOT}/Manifest.lock\" > /dev/null\nif [ $? != 0 ] ; then\n    # print error to STDERR\n    echo \"error: The sandbox is not in sync with the Podfile.lock. Run 'pod install' or update your CocoaPods installation.\" >&2\n    exit 1\nfi\n# This output is used by Xcode 'outputs' to avoid re-running this script phase.\necho \"SUCCESS\" > \"${SCRIPT_OUTPUT_FILE_0}\"\n";
			showEnvVarsInLog = 0;
		};
		3C01C805E8BF00D0BC49BA7C /* [CP] Embed Pods Frameworks */ = {
			isa = PBXShellScriptBuildPhase;
			buildActionMask = 2147483647;
			files = (
			);
			inputPaths = (
				"${PODS_ROOT}/Target Support Files/Pods-Tests-UnitTests/Pods-Tests-UnitTests-frameworks.sh",
				"${BUILT_PRODUCTS_DIR}/Braintree/Braintree.framework",
				"${BUILT_PRODUCTS_DIR}/BraintreeVisaCheckout/BraintreeVisaCheckout.framework",
				"${BUILT_PRODUCTS_DIR}/Expecta/Expecta.framework",
				"${BUILT_PRODUCTS_DIR}/OCMock/OCMock.framework",
				"${BUILT_PRODUCTS_DIR}/OHHTTPStubs/OHHTTPStubs.framework",
				"${BUILT_PRODUCTS_DIR}/Specta/Specta.framework",
				"${PODS_XCFRAMEWORKS_BUILD_DIR}/BraintreeVisaCheckout/VisaCheckoutSDK.framework/VisaCheckoutSDK",
			);
			name = "[CP] Embed Pods Frameworks";
			outputPaths = (
				"${TARGET_BUILD_DIR}/${FRAMEWORKS_FOLDER_PATH}/Braintree.framework",
				"${TARGET_BUILD_DIR}/${FRAMEWORKS_FOLDER_PATH}/BraintreeVisaCheckout.framework",
				"${TARGET_BUILD_DIR}/${FRAMEWORKS_FOLDER_PATH}/Expecta.framework",
				"${TARGET_BUILD_DIR}/${FRAMEWORKS_FOLDER_PATH}/OCMock.framework",
				"${TARGET_BUILD_DIR}/${FRAMEWORKS_FOLDER_PATH}/OHHTTPStubs.framework",
				"${TARGET_BUILD_DIR}/${FRAMEWORKS_FOLDER_PATH}/Specta.framework",
				"${TARGET_BUILD_DIR}/${FRAMEWORKS_FOLDER_PATH}/VisaCheckoutSDK.framework",
			);
			runOnlyForDeploymentPostprocessing = 0;
			shellPath = /bin/sh;
			shellScript = "\"${PODS_ROOT}/Target Support Files/Pods-Tests-UnitTests/Pods-Tests-UnitTests-frameworks.sh\"\n";
			showEnvVarsInLog = 0;
		};
		9FA859F707AA2A754221DA40 /* [CP] Check Pods Manifest.lock */ = {
			isa = PBXShellScriptBuildPhase;
			buildActionMask = 2147483647;
			files = (
			);
			inputPaths = (
				"${PODS_PODFILE_DIR_PATH}/Podfile.lock",
				"${PODS_ROOT}/Manifest.lock",
			);
			name = "[CP] Check Pods Manifest.lock";
			outputPaths = (
				"$(DERIVED_FILE_DIR)/Pods-Tests-UnitTests-checkManifestLockResult.txt",
			);
			runOnlyForDeploymentPostprocessing = 0;
			shellPath = /bin/sh;
			shellScript = "diff \"${PODS_PODFILE_DIR_PATH}/Podfile.lock\" \"${PODS_ROOT}/Manifest.lock\" > /dev/null\nif [ $? != 0 ] ; then\n    # print error to STDERR\n    echo \"error: The sandbox is not in sync with the Podfile.lock. Run 'pod install' or update your CocoaPods installation.\" >&2\n    exit 1\nfi\n# This output is used by Xcode 'outputs' to avoid re-running this script phase.\necho \"SUCCESS\" > \"${SCRIPT_OUTPUT_FILE_0}\"\n";
			showEnvVarsInLog = 0;
		};
		C1F2EC318D98517BCEE0C5E1 /* [CP] Embed Pods Frameworks */ = {
			isa = PBXShellScriptBuildPhase;
			buildActionMask = 2147483647;
			files = (
			);
			inputPaths = (
				"${PODS_ROOT}/Target Support Files/Pods-DemoVisaCheckout/Pods-DemoVisaCheckout-frameworks.sh",
				"${BUILT_PRODUCTS_DIR}/AFNetworking/AFNetworking.framework",
				"${BUILT_PRODUCTS_DIR}/Braintree/Braintree.framework",
				"${BUILT_PRODUCTS_DIR}/BraintreeVisaCheckout/BraintreeVisaCheckout.framework",
				"${BUILT_PRODUCTS_DIR}/FLEX/FLEX.framework",
				"${BUILT_PRODUCTS_DIR}/InAppSettingsKit/InAppSettingsKit.framework",
				"${BUILT_PRODUCTS_DIR}/NSURL+QueryDictionary/NSURL_QueryDictionary.framework",
				"${BUILT_PRODUCTS_DIR}/PureLayout/PureLayout.framework",
				"${BUILT_PRODUCTS_DIR}/iOS-Slide-Menu/iOS_Slide_Menu.framework",
				"${PODS_XCFRAMEWORKS_BUILD_DIR}/BraintreeVisaCheckout/VisaCheckoutSDK.framework/VisaCheckoutSDK",
			);
			name = "[CP] Embed Pods Frameworks";
			outputPaths = (
				"${TARGET_BUILD_DIR}/${FRAMEWORKS_FOLDER_PATH}/AFNetworking.framework",
				"${TARGET_BUILD_DIR}/${FRAMEWORKS_FOLDER_PATH}/Braintree.framework",
				"${TARGET_BUILD_DIR}/${FRAMEWORKS_FOLDER_PATH}/BraintreeVisaCheckout.framework",
				"${TARGET_BUILD_DIR}/${FRAMEWORKS_FOLDER_PATH}/FLEX.framework",
				"${TARGET_BUILD_DIR}/${FRAMEWORKS_FOLDER_PATH}/InAppSettingsKit.framework",
				"${TARGET_BUILD_DIR}/${FRAMEWORKS_FOLDER_PATH}/NSURL_QueryDictionary.framework",
				"${TARGET_BUILD_DIR}/${FRAMEWORKS_FOLDER_PATH}/PureLayout.framework",
				"${TARGET_BUILD_DIR}/${FRAMEWORKS_FOLDER_PATH}/iOS_Slide_Menu.framework",
				"${TARGET_BUILD_DIR}/${FRAMEWORKS_FOLDER_PATH}/VisaCheckoutSDK.framework",
			);
			runOnlyForDeploymentPostprocessing = 0;
			shellPath = /bin/sh;
			shellScript = "\"${PODS_ROOT}/Target Support Files/Pods-DemoVisaCheckout/Pods-DemoVisaCheckout-frameworks.sh\"\n";
			showEnvVarsInLog = 0;
		};
		EEEC91171E9EAA4D00926158 /* [CP] Check Pods Manifest.lock */ = {
			isa = PBXShellScriptBuildPhase;
			buildActionMask = 2147483647;
			files = (
			);
			inputPaths = (
				"${PODS_PODFILE_DIR_PATH}/Podfile.lock",
				"${PODS_ROOT}/Manifest.lock",
			);
			name = "[CP] Check Pods Manifest.lock";
			outputPaths = (
				"$(DERIVED_FILE_DIR)/Pods-Tests-IntegrationTests-checkManifestLockResult.txt",
			);
			runOnlyForDeploymentPostprocessing = 0;
			shellPath = /bin/sh;
			shellScript = "diff \"${PODS_PODFILE_DIR_PATH}/Podfile.lock\" \"${PODS_ROOT}/Manifest.lock\" > /dev/null\nif [ $? != 0 ] ; then\n    # print error to STDERR\n    echo \"error: The sandbox is not in sync with the Podfile.lock. Run 'pod install' or update your CocoaPods installation.\" >&2\n    exit 1\nfi\n# This output is used by Xcode 'outputs' to avoid re-running this script phase.\necho \"SUCCESS\" > \"${SCRIPT_OUTPUT_FILE_0}\"\n";
			showEnvVarsInLog = 0;
		};
		EEEC911D1E9EAA4D00926158 /* [CP] Embed Pods Frameworks */ = {
			isa = PBXShellScriptBuildPhase;
			buildActionMask = 2147483647;
			files = (
			);
			inputPaths = (
				"${PODS_ROOT}/Target Support Files/Pods-Tests-IntegrationTests/Pods-Tests-IntegrationTests-frameworks.sh",
				"${BUILT_PRODUCTS_DIR}/Braintree/Braintree.framework",
				"${BUILT_PRODUCTS_DIR}/BraintreeVisaCheckout/BraintreeVisaCheckout.framework",
				"${BUILT_PRODUCTS_DIR}/Expecta/Expecta.framework",
				"${BUILT_PRODUCTS_DIR}/OCMock/OCMock.framework",
				"${BUILT_PRODUCTS_DIR}/OHHTTPStubs/OHHTTPStubs.framework",
				"${BUILT_PRODUCTS_DIR}/Specta/Specta.framework",
				"${PODS_XCFRAMEWORKS_BUILD_DIR}/BraintreeVisaCheckout/VisaCheckoutSDK.framework/VisaCheckoutSDK",
			);
			name = "[CP] Embed Pods Frameworks";
			outputPaths = (
				"${TARGET_BUILD_DIR}/${FRAMEWORKS_FOLDER_PATH}/Braintree.framework",
				"${TARGET_BUILD_DIR}/${FRAMEWORKS_FOLDER_PATH}/BraintreeVisaCheckout.framework",
				"${TARGET_BUILD_DIR}/${FRAMEWORKS_FOLDER_PATH}/Expecta.framework",
				"${TARGET_BUILD_DIR}/${FRAMEWORKS_FOLDER_PATH}/OCMock.framework",
				"${TARGET_BUILD_DIR}/${FRAMEWORKS_FOLDER_PATH}/OHHTTPStubs.framework",
				"${TARGET_BUILD_DIR}/${FRAMEWORKS_FOLDER_PATH}/Specta.framework",
				"${TARGET_BUILD_DIR}/${FRAMEWORKS_FOLDER_PATH}/VisaCheckoutSDK.framework",
			);
			runOnlyForDeploymentPostprocessing = 0;
			shellPath = /bin/sh;
			shellScript = "\"${PODS_ROOT}/Target Support Files/Pods-Tests-IntegrationTests/Pods-Tests-IntegrationTests-frameworks.sh\"\n";
			showEnvVarsInLog = 0;
		};
/* End PBXShellScriptBuildPhase section */

/* Begin PBXSourcesBuildPhase section */
		A75A01F71DC13220007819EE /* Sources */ = {
			isa = PBXSourcesBuildPhase;
			buildActionMask = 2147483647;
			files = (
				A76DF9EC1DC146AA005CB013 /* BTVisaCheckoutCardNonce.m in Sources */,
				A75A021A1DC144F8007819EE /* BTVisaCheckoutClient.m in Sources */,
				A7E993131E98039400591B79 /* BTConfiguration+VisaCheckout.m in Sources */,
				A7D42CE71E7084A400AD9B6E /* BTVisaCheckoutAddress.m in Sources */,
				A7D42CEE1E708F8200AD9B6E /* BTVisaCheckoutUserData.m in Sources */,
			);
			runOnlyForDeploymentPostprocessing = 0;
		};
		A7662A471E9851020002117A /* Sources */ = {
			isa = PBXSourcesBuildPhase;
			buildActionMask = 2147483647;
			files = (
				A7CF46411E98569E002DB50F /* BTSpecHelper.m in Sources */,
				A7CF46421E98569E002DB50F /* BTTestClientTokenFactory.m in Sources */,
				A7662A641E98542F0002117A /* BTVisaCheckout_Tests.swift in Sources */,
				A7CF46461E9BF153002DB50F /* BTConfiguration_Tests.swift in Sources */,
				A7CF46441E98569E002DB50F /* MockAPIClient.swift in Sources */,
			);
			runOnlyForDeploymentPostprocessing = 0;
		};
		A7ADE6FC1E92F2470013920F /* Sources */ = {
			isa = PBXSourcesBuildPhase;
			buildActionMask = 2147483647;
			files = (
				A7ADE6FD1E92F2470013920F /* BraintreeDemoDemoContainmentViewController.m in Sources */,
				A7ADE7011E92F2470013920F /* BraintreeDemoSlideNavigationController.m in Sources */,
				A7F472E31E92F33600CBB194 /* BraintreeDemoVisaCheckoutViewController.m in Sources */,
				A7ADE7061E92F2470013920F /* main.m in Sources */,
				A7ADE7071E92F2470013920F /* BraintreeDemoIntegrationViewController.m in Sources */,
				A7ADE7091E92F2470013920F /* BraintreeDemoAppDelegate.m in Sources */,
				80B99517258C0A0300B38824 /* ViewHelpers.swift in Sources */,
				A7ADE70B1E92F2470013920F /* BraintreeDemoSettings.m in Sources */,
				A7ADE70C1E92F2470013920F /* BraintreeDemoMerchantAPI.m in Sources */,
				A7ADE7121E92F2470013920F /* BraintreeDemoPaymentButtonBaseViewController.m in Sources */,
				A7ADE7131E92F2470013920F /* BraintreeDemoBaseViewController.m in Sources */,
			);
			runOnlyForDeploymentPostprocessing = 0;
		};
		A7CF46A11E9C0298002DB50F /* Sources */ = {
			isa = PBXSourcesBuildPhase;
			buildActionMask = 2147483647;
			files = (
				A74D1AD91E9EF24000893D28 /* BraintreeVisaCheckout_UITests.swift in Sources */,
				A74D1ADA1E9EF24000893D28 /* BTUITest.swift in Sources */,
			);
			runOnlyForDeploymentPostprocessing = 0;
		};
		EEEC91181E9EAA4D00926158 /* Sources */ = {
			isa = PBXSourcesBuildPhase;
			buildActionMask = 2147483647;
			files = (
				EEEC91191E9EAA4D00926158 /* BraintreeVisaCheckoutIntegrationTests.m in Sources */,
			);
			runOnlyForDeploymentPostprocessing = 0;
		};
/* End PBXSourcesBuildPhase section */

/* Begin PBXTargetDependency section */
		A7662A511E9851020002117A /* PBXTargetDependency */ = {
			isa = PBXTargetDependency;
			target = A7ADE6E21E92F2470013920F /* DemoVisaCheckout */;
			targetProxy = A7662A501E9851020002117A /* PBXContainerItemProxy */;
		};
		A7CF46AB1E9C0298002DB50F /* PBXTargetDependency */ = {
			isa = PBXTargetDependency;
			target = A7ADE6E21E92F2470013920F /* DemoVisaCheckout */;
			targetProxy = A7CF46AA1E9C0298002DB50F /* PBXContainerItemProxy */;
		};
		EEEC91151E9EAA4D00926158 /* PBXTargetDependency */ = {
			isa = PBXTargetDependency;
			target = A7ADE6E21E92F2470013920F /* DemoVisaCheckout */;
			targetProxy = EEEC91161E9EAA4D00926158 /* PBXContainerItemProxy */;
		};
/* End PBXTargetDependency section */

/* Begin PBXVariantGroup section */
		A76B1A061B79708A00452CFA /* InfoPlist.strings */ = {
			isa = PBXVariantGroup;
			children = (
				A76B1A071B79708A00452CFA /* en */,
			);
			name = InfoPlist.strings;
			path = .;
			sourceTree = "<group>";
		};
		A76B1A081B79708A00452CFA /* Main.strings */ = {
			isa = PBXVariantGroup;
			children = (
				A76B1A091B79708A00452CFA /* en */,
			);
			name = Main.strings;
			path = .;
			sourceTree = "<group>";
		};
/* End PBXVariantGroup section */

/* Begin XCBuildConfiguration section */
		A75A02141DC13220007819EE /* Debug */ = {
			isa = XCBuildConfiguration;
			buildSettings = {
				ALWAYS_SEARCH_USER_PATHS = NO;
				CLANG_ALLOW_NON_MODULAR_INCLUDES_IN_FRAMEWORK_MODULES = YES;
				CLANG_ANALYZER_NONNULL = YES;
				CLANG_CXX_LANGUAGE_STANDARD = "gnu++0x";
				CLANG_CXX_LIBRARY = "libc++";
				CLANG_ENABLE_MODULES = YES;
				CLANG_WARN_BOOL_CONVERSION = YES;
				CLANG_WARN_CONSTANT_CONVERSION = YES;
				CLANG_WARN_DIRECT_OBJC_ISA_USAGE = YES_ERROR;
				CLANG_WARN_DOCUMENTATION_COMMENTS = YES;
				CLANG_WARN_EMPTY_BODY = YES;
				CLANG_WARN_ENUM_CONVERSION = YES;
				CLANG_WARN_INFINITE_RECURSION = YES;
				CLANG_WARN_INT_CONVERSION = YES;
				CLANG_WARN_OBJC_ROOT_CLASS = YES_ERROR;
				CLANG_WARN_SUSPICIOUS_MOVES = YES;
				CLANG_WARN_UNREACHABLE_CODE = YES;
				CLANG_WARN__DUPLICATE_METHOD_MATCH = YES;
				CODE_SIGN_IDENTITY = "";
				"CODE_SIGN_IDENTITY[sdk=iphoneos*]" = "";
				COPY_PHASE_STRIP = NO;
				CURRENT_PROJECT_VERSION = 1;
				DEBUG_INFORMATION_FORMAT = dwarf;
				DEFINES_MODULE = YES;
				DEVELOPMENT_TEAM = "";
				DYLIB_COMPATIBILITY_VERSION = 1;
				DYLIB_CURRENT_VERSION = 1;
				DYLIB_INSTALL_NAME_BASE = "@rpath";
				ENABLE_STRICT_OBJC_MSGSEND = YES;
				FRAMEWORK_SEARCH_PATHS = (
					"$(inherited)",
					"$(PROJECT_DIR)/VisaCheckout_IOS_SDK",
					"$(PROJECT_DIR)/Frameworks",
				);
				GCC_C_LANGUAGE_STANDARD = gnu99;
				GCC_DYNAMIC_NO_PIC = NO;
				GCC_NO_COMMON_BLOCKS = YES;
				GCC_OPTIMIZATION_LEVEL = 0;
				GCC_PREPROCESSOR_DEFINITIONS = (
					"COCOAPODS=1",
					"DEBUG=1",
					"$(inherited)",
				);
				GCC_WARN_64_TO_32_BIT_CONVERSION = YES;
				GCC_WARN_ABOUT_RETURN_TYPE = YES_ERROR;
				GCC_WARN_UNDECLARED_SELECTOR = YES;
				GCC_WARN_UNINITIALIZED_AUTOS = YES_AGGRESSIVE;
				GCC_WARN_UNUSED_FUNCTION = YES;
				GCC_WARN_UNUSED_VARIABLE = YES;
				HEADER_SEARCH_PATHS = "";
				INFOPLIST_FILE = "$(SRCROOT)/BraintreeVisaCheckout/Info.plist";
				INSTALL_PATH = "$(LOCAL_LIBRARY_DIR)/Frameworks";
				IPHONEOS_DEPLOYMENT_TARGET = 12.0;
				LD_RUNPATH_SEARCH_PATHS = (
					"$(inherited)",
					"@executable_path/Frameworks",
					"@loader_path/Frameworks",
				);
				MTL_ENABLE_DEBUG_INFO = YES;
				OTHER_LDFLAGS = "$(inherited)";
				PRODUCT_BUNDLE_IDENTIFIER = com.braintreepayments.BraintreeVisaCheckout;
				PRODUCT_NAME = "$(TARGET_NAME)";
				SKIP_INSTALL = YES;
				SUPPORTS_MACCATALYST = NO;
				TARGETED_DEVICE_FAMILY = "1,2";
				USER_HEADER_SEARCH_PATHS = "";
				VERSIONING_SYSTEM = "apple-generic";
				VERSION_INFO_PREFIX = "";
			};
			name = Debug;
		};
		A75A02151DC13220007819EE /* Release */ = {
			isa = XCBuildConfiguration;
			buildSettings = {
				ALWAYS_SEARCH_USER_PATHS = NO;
				CLANG_ALLOW_NON_MODULAR_INCLUDES_IN_FRAMEWORK_MODULES = YES;
				CLANG_ANALYZER_NONNULL = YES;
				CLANG_CXX_LANGUAGE_STANDARD = "gnu++0x";
				CLANG_CXX_LIBRARY = "libc++";
				CLANG_ENABLE_MODULES = YES;
				CLANG_WARN_BOOL_CONVERSION = YES;
				CLANG_WARN_CONSTANT_CONVERSION = YES;
				CLANG_WARN_DIRECT_OBJC_ISA_USAGE = YES_ERROR;
				CLANG_WARN_DOCUMENTATION_COMMENTS = YES;
				CLANG_WARN_EMPTY_BODY = YES;
				CLANG_WARN_ENUM_CONVERSION = YES;
				CLANG_WARN_INFINITE_RECURSION = YES;
				CLANG_WARN_INT_CONVERSION = YES;
				CLANG_WARN_OBJC_ROOT_CLASS = YES_ERROR;
				CLANG_WARN_SUSPICIOUS_MOVES = YES;
				CLANG_WARN_UNREACHABLE_CODE = YES;
				CLANG_WARN__DUPLICATE_METHOD_MATCH = YES;
				CODE_SIGN_IDENTITY = "";
				"CODE_SIGN_IDENTITY[sdk=iphoneos*]" = "";
				COPY_PHASE_STRIP = NO;
				CURRENT_PROJECT_VERSION = 1;
				DEBUG_INFORMATION_FORMAT = "dwarf-with-dsym";
				DEFINES_MODULE = YES;
				DEVELOPMENT_TEAM = "";
				DYLIB_COMPATIBILITY_VERSION = 1;
				DYLIB_CURRENT_VERSION = 1;
				DYLIB_INSTALL_NAME_BASE = "@rpath";
				ENABLE_NS_ASSERTIONS = NO;
				ENABLE_STRICT_OBJC_MSGSEND = YES;
				FRAMEWORK_SEARCH_PATHS = (
					"$(inherited)",
					"$(PROJECT_DIR)/VisaCheckout_IOS_SDK",
					"$(PROJECT_DIR)/Frameworks",
				);
				GCC_C_LANGUAGE_STANDARD = gnu99;
				GCC_NO_COMMON_BLOCKS = YES;
				GCC_WARN_64_TO_32_BIT_CONVERSION = YES;
				GCC_WARN_ABOUT_RETURN_TYPE = YES_ERROR;
				GCC_WARN_UNDECLARED_SELECTOR = YES;
				GCC_WARN_UNINITIALIZED_AUTOS = YES_AGGRESSIVE;
				GCC_WARN_UNUSED_FUNCTION = YES;
				GCC_WARN_UNUSED_VARIABLE = YES;
				HEADER_SEARCH_PATHS = "";
				INFOPLIST_FILE = "$(SRCROOT)/BraintreeVisaCheckout/Info.plist";
				INSTALL_PATH = "$(LOCAL_LIBRARY_DIR)/Frameworks";
				IPHONEOS_DEPLOYMENT_TARGET = 12.0;
				LD_RUNPATH_SEARCH_PATHS = (
					"$(inherited)",
					"@executable_path/Frameworks",
					"@loader_path/Frameworks",
				);
				MTL_ENABLE_DEBUG_INFO = NO;
				OTHER_LDFLAGS = "$(inherited)";
				PRODUCT_BUNDLE_IDENTIFIER = com.braintreepayments.BraintreeVisaCheckout;
				PRODUCT_NAME = "$(TARGET_NAME)";
				SKIP_INSTALL = YES;
				SUPPORTS_MACCATALYST = NO;
				TARGETED_DEVICE_FAMILY = "1,2";
				USER_HEADER_SEARCH_PATHS = "";
				VALIDATE_PRODUCT = YES;
				VERSIONING_SYSTEM = "apple-generic";
				VERSION_INFO_PREFIX = "";
			};
			name = Release;
		};
		A75DA348192138F000D997A2 /* Debug */ = {
			isa = XCBuildConfiguration;
			buildSettings = {
				CLANG_ALLOW_NON_MODULAR_INCLUDES_IN_FRAMEWORK_MODULES = NO;
				CLANG_ANALYZER_LOCALIZABILITY_NONLOCALIZED = YES;
				CLANG_ENABLE_OBJC_ARC = YES;
				CLANG_WARN_BLOCK_CAPTURE_AUTORELEASING = YES;
				CLANG_WARN_BOOL_CONVERSION = YES;
				CLANG_WARN_COMMA = YES;
				CLANG_WARN_CONSTANT_CONVERSION = YES;
				CLANG_WARN_DEPRECATED_OBJC_IMPLEMENTATIONS = YES;
				CLANG_WARN_EMPTY_BODY = YES;
				CLANG_WARN_ENUM_CONVERSION = YES;
				CLANG_WARN_INFINITE_RECURSION = YES;
				CLANG_WARN_INT_CONVERSION = YES;
				CLANG_WARN_NON_LITERAL_NULL_CONVERSION = YES;
				CLANG_WARN_OBJC_IMPLICIT_RETAIN_SELF = YES;
				CLANG_WARN_OBJC_LITERAL_CONVERSION = YES;
				CLANG_WARN_QUOTED_INCLUDE_IN_FRAMEWORK_HEADER = YES;
				CLANG_WARN_RANGE_LOOP_ANALYSIS = YES;
				CLANG_WARN_STRICT_PROTOTYPES = YES;
				CLANG_WARN_SUSPICIOUS_MOVE = YES;
				CLANG_WARN_UNREACHABLE_CODE = YES;
				CLANG_WARN__DUPLICATE_METHOD_MATCH = YES;
				CODE_SIGN_IDENTITY = "iPhone Developer";
				ENABLE_BITCODE = YES;
				ENABLE_STRICT_OBJC_MSGSEND = YES;
				ENABLE_TESTABILITY = YES;
				GCC_NO_COMMON_BLOCKS = YES;
				GCC_PRECOMPILE_PREFIX_HEADER = NO;
				GCC_PREFIX_HEADER = "";
				GCC_WARN_64_TO_32_BIT_CONVERSION = YES;
				GCC_WARN_ABOUT_MISSING_NEWLINE = YES;
				GCC_WARN_ABOUT_RETURN_TYPE = YES;
				GCC_WARN_UNDECLARED_SELECTOR = YES;
				GCC_WARN_UNINITIALIZED_AUTOS = YES;
				GCC_WARN_UNUSED_FUNCTION = YES;
				GCC_WARN_UNUSED_VARIABLE = YES;
				INFOPLIST_FILE = "$(TARGET_TYPE)/$(PRODUCT_NAME)/Supporting Files/$(PRODUCT_NAME)-Info.plist";
				ONLY_ACTIVE_ARCH = YES;
				OTHER_CFLAGS = "";
				PRODUCT_NAME = "$(TARGET_NAME)";
				RUN_CLANG_STATIC_ANALYZER = YES;
				SDKROOT = iphoneos;
				TARGET_TYPE = Specs;
				WARNING_CFLAGS = (
					"-Wall",
					"-Wextra",
					"-Werror",
				);
			};
			name = Debug;
		};
		A75DA349192138F000D997A2 /* Release */ = {
			isa = XCBuildConfiguration;
			buildSettings = {
				CLANG_ALLOW_NON_MODULAR_INCLUDES_IN_FRAMEWORK_MODULES = NO;
				CLANG_ANALYZER_LOCALIZABILITY_NONLOCALIZED = YES;
				CLANG_ENABLE_OBJC_ARC = YES;
				CLANG_WARN_BLOCK_CAPTURE_AUTORELEASING = YES;
				CLANG_WARN_BOOL_CONVERSION = YES;
				CLANG_WARN_COMMA = YES;
				CLANG_WARN_CONSTANT_CONVERSION = YES;
				CLANG_WARN_DEPRECATED_OBJC_IMPLEMENTATIONS = YES;
				CLANG_WARN_EMPTY_BODY = YES;
				CLANG_WARN_ENUM_CONVERSION = YES;
				CLANG_WARN_INFINITE_RECURSION = YES;
				CLANG_WARN_INT_CONVERSION = YES;
				CLANG_WARN_NON_LITERAL_NULL_CONVERSION = YES;
				CLANG_WARN_OBJC_IMPLICIT_RETAIN_SELF = YES;
				CLANG_WARN_OBJC_LITERAL_CONVERSION = YES;
				CLANG_WARN_QUOTED_INCLUDE_IN_FRAMEWORK_HEADER = YES;
				CLANG_WARN_RANGE_LOOP_ANALYSIS = YES;
				CLANG_WARN_STRICT_PROTOTYPES = YES;
				CLANG_WARN_SUSPICIOUS_MOVE = YES;
				CLANG_WARN_UNREACHABLE_CODE = YES;
				CLANG_WARN__DUPLICATE_METHOD_MATCH = YES;
				CODE_SIGN_IDENTITY = "iPhone Developer";
				ENABLE_BITCODE = YES;
				ENABLE_STRICT_OBJC_MSGSEND = YES;
				GCC_NO_COMMON_BLOCKS = YES;
				GCC_PRECOMPILE_PREFIX_HEADER = NO;
				GCC_PREFIX_HEADER = "";
				GCC_WARN_64_TO_32_BIT_CONVERSION = YES;
				GCC_WARN_ABOUT_MISSING_NEWLINE = YES;
				GCC_WARN_ABOUT_RETURN_TYPE = YES;
				GCC_WARN_UNDECLARED_SELECTOR = YES;
				GCC_WARN_UNINITIALIZED_AUTOS = YES;
				GCC_WARN_UNUSED_FUNCTION = YES;
				GCC_WARN_UNUSED_VARIABLE = YES;
				INFOPLIST_FILE = "$(TARGET_TYPE)/$(PRODUCT_NAME)/Supporting Files/$(PRODUCT_NAME)-Info.plist";
				OTHER_CFLAGS = "";
				PRODUCT_NAME = "$(TARGET_NAME)";
				RUN_CLANG_STATIC_ANALYZER = YES;
				SDKROOT = iphoneos;
				SWIFT_COMPILATION_MODE = wholemodule;
				TARGET_TYPE = Specs;
				WARNING_CFLAGS = (
					"-Wall",
					"-Wextra",
					"-Werror",
				);
			};
			name = Release;
		};
		A7662A531E9851020002117A /* Debug */ = {
			isa = XCBuildConfiguration;
			baseConfigurationReference = B107866942020805B0A852BB /* Pods-Tests-UnitTests.debug.xcconfig */;
			buildSettings = {
				ALWAYS_EMBED_SWIFT_STANDARD_LIBRARIES = YES;
				ALWAYS_SEARCH_USER_PATHS = NO;
				BUNDLE_LOADER = "$(TEST_HOST)";
				CLANG_ANALYZER_NONNULL = YES;
				CLANG_CXX_LANGUAGE_STANDARD = "gnu++0x";
				CLANG_CXX_LIBRARY = "libc++";
				CLANG_ENABLE_MODULES = YES;
				CLANG_WARN_BOOL_CONVERSION = YES;
				CLANG_WARN_CONSTANT_CONVERSION = YES;
				CLANG_WARN_DIRECT_OBJC_ISA_USAGE = YES_ERROR;
				CLANG_WARN_DOCUMENTATION_COMMENTS = YES;
				CLANG_WARN_EMPTY_BODY = YES;
				CLANG_WARN_ENUM_CONVERSION = YES;
				CLANG_WARN_INFINITE_RECURSION = YES;
				CLANG_WARN_INT_CONVERSION = YES;
				CLANG_WARN_OBJC_ROOT_CLASS = YES_ERROR;
				CLANG_WARN_SUSPICIOUS_MOVE = YES;
				CLANG_WARN_UNREACHABLE_CODE = YES;
				CLANG_WARN__DUPLICATE_METHOD_MATCH = YES;
				"CODE_SIGN_IDENTITY[sdk=iphoneos*]" = "iPhone Developer";
				COPY_PHASE_STRIP = NO;
				DEBUG_INFORMATION_FORMAT = dwarf;
				ENABLE_STRICT_OBJC_MSGSEND = YES;
				FRAMEWORK_SEARCH_PATHS = "$(inherited)";
				GCC_C_LANGUAGE_STANDARD = gnu99;
				GCC_DYNAMIC_NO_PIC = NO;
				GCC_NO_COMMON_BLOCKS = YES;
				GCC_OPTIMIZATION_LEVEL = 0;
				GCC_PREPROCESSOR_DEFINITIONS = (
					"DEBUG=1",
					"$(inherited)",
				);
				GCC_WARN_64_TO_32_BIT_CONVERSION = YES;
				GCC_WARN_ABOUT_RETURN_TYPE = YES_ERROR;
				GCC_WARN_UNDECLARED_SELECTOR = YES;
				GCC_WARN_UNINITIALIZED_AUTOS = YES_AGGRESSIVE;
				GCC_WARN_UNUSED_FUNCTION = YES;
				GCC_WARN_UNUSED_VARIABLE = YES;
				INFOPLIST_FILE = UnitTests/Info.plist;
				IPHONEOS_DEPLOYMENT_TARGET = 12.0;
				LD_RUNPATH_SEARCH_PATHS = (
					"$(inherited)",
					"@executable_path/Frameworks",
					"@loader_path/Frameworks",
				);
				MTL_ENABLE_DEBUG_INFO = YES;
				PRODUCT_BUNDLE_IDENTIFIER = com.braintreepayments.BraintreeVisaCheckoutSwiftUnitTests;
				PRODUCT_NAME = "$(TARGET_NAME)";
				SWIFT_ACTIVE_COMPILATION_CONDITIONS = DEBUG;
				SWIFT_INCLUDE_PATHS = "";
				SWIFT_OBJC_BRIDGING_HEADER = "UnitTests/UnitTests-Bridging-Header.h";
				SWIFT_OPTIMIZATION_LEVEL = "-Onone";
				SWIFT_VERSION = 5.0;
				TEST_HOST = "$(BUILT_PRODUCTS_DIR)/DemoVisaCheckout.app/DemoVisaCheckout";
			};
			name = Debug;
		};
		A7662A541E9851020002117A /* Release */ = {
			isa = XCBuildConfiguration;
			baseConfigurationReference = 4E1ABC2E86041EF6025A0E8B /* Pods-Tests-UnitTests.release.xcconfig */;
			buildSettings = {
				ALWAYS_EMBED_SWIFT_STANDARD_LIBRARIES = YES;
				ALWAYS_SEARCH_USER_PATHS = NO;
				BUNDLE_LOADER = "$(TEST_HOST)";
				CLANG_ANALYZER_NONNULL = YES;
				CLANG_CXX_LANGUAGE_STANDARD = "gnu++0x";
				CLANG_CXX_LIBRARY = "libc++";
				CLANG_ENABLE_MODULES = YES;
				CLANG_WARN_BOOL_CONVERSION = YES;
				CLANG_WARN_CONSTANT_CONVERSION = YES;
				CLANG_WARN_DIRECT_OBJC_ISA_USAGE = YES_ERROR;
				CLANG_WARN_DOCUMENTATION_COMMENTS = YES;
				CLANG_WARN_EMPTY_BODY = YES;
				CLANG_WARN_ENUM_CONVERSION = YES;
				CLANG_WARN_INFINITE_RECURSION = YES;
				CLANG_WARN_INT_CONVERSION = YES;
				CLANG_WARN_OBJC_ROOT_CLASS = YES_ERROR;
				CLANG_WARN_SUSPICIOUS_MOVE = YES;
				CLANG_WARN_UNREACHABLE_CODE = YES;
				CLANG_WARN__DUPLICATE_METHOD_MATCH = YES;
				"CODE_SIGN_IDENTITY[sdk=iphoneos*]" = "iPhone Developer";
				COPY_PHASE_STRIP = NO;
				DEBUG_INFORMATION_FORMAT = "dwarf-with-dsym";
				ENABLE_NS_ASSERTIONS = NO;
				ENABLE_STRICT_OBJC_MSGSEND = YES;
				FRAMEWORK_SEARCH_PATHS = "$(inherited)";
				GCC_C_LANGUAGE_STANDARD = gnu99;
				GCC_NO_COMMON_BLOCKS = YES;
				GCC_WARN_64_TO_32_BIT_CONVERSION = YES;
				GCC_WARN_ABOUT_RETURN_TYPE = YES_ERROR;
				GCC_WARN_UNDECLARED_SELECTOR = YES;
				GCC_WARN_UNINITIALIZED_AUTOS = YES_AGGRESSIVE;
				GCC_WARN_UNUSED_FUNCTION = YES;
				GCC_WARN_UNUSED_VARIABLE = YES;
				INFOPLIST_FILE = UnitTests/Info.plist;
				IPHONEOS_DEPLOYMENT_TARGET = 12.0;
				LD_RUNPATH_SEARCH_PATHS = (
					"$(inherited)",
					"@executable_path/Frameworks",
					"@loader_path/Frameworks",
				);
				MTL_ENABLE_DEBUG_INFO = NO;
				PRODUCT_BUNDLE_IDENTIFIER = com.braintreepayments.BraintreeVisaCheckoutSwiftUnitTests;
				PRODUCT_NAME = "$(TARGET_NAME)";
				SWIFT_COMPILATION_MODE = wholemodule;
				SWIFT_INCLUDE_PATHS = "";
				SWIFT_OBJC_BRIDGING_HEADER = "UnitTests/UnitTests-Bridging-Header.h";
				SWIFT_OPTIMIZATION_LEVEL = "-O";
				SWIFT_VERSION = 5.0;
				TEST_HOST = "$(BUILT_PRODUCTS_DIR)/DemoVisaCheckout.app/DemoVisaCheckout";
				VALIDATE_PRODUCT = YES;
			};
			name = Release;
		};
		A7ADE7421E92F2470013920F /* Debug */ = {
			isa = XCBuildConfiguration;
			baseConfigurationReference = D26745E5D7A15182D785D554 /* Pods-DemoVisaCheckout.debug.xcconfig */;
			buildSettings = {
				ALWAYS_EMBED_SWIFT_STANDARD_LIBRARIES = YES;
				ALWAYS_SEARCH_USER_PATHS = NO;
				ASSETCATALOG_COMPILER_APPICON_NAME = AppIcon;
				CLANG_ALLOW_NON_MODULAR_INCLUDES_IN_FRAMEWORK_MODULES = YES;
				CLANG_CXX_LANGUAGE_STANDARD = "gnu++0x";
				CLANG_CXX_LIBRARY = "libc++";
				CLANG_ENABLE_MODULES = YES;
				CLANG_WARN_BOOL_CONVERSION = YES;
				CLANG_WARN_CONSTANT_CONVERSION = YES;
				CLANG_WARN_DIRECT_OBJC_ISA_USAGE = YES_ERROR;
				CLANG_WARN_EMPTY_BODY = YES;
				CLANG_WARN_ENUM_CONVERSION = YES;
				CLANG_WARN_INT_CONVERSION = YES;
				CLANG_WARN_OBJC_ROOT_CLASS = YES_ERROR;
				CLANG_WARN_UNREACHABLE_CODE = YES;
				CLANG_WARN__DUPLICATE_METHOD_MATCH = YES;
				CODE_SIGN_ENTITLEMENTS = "Demo/Braintree-Demo.entitlements";
				CODE_SIGN_IDENTITY = "iPhone Developer";
				"CODE_SIGN_IDENTITY[sdk=iphoneos*]" = "iPhone Developer";
				COPY_PHASE_STRIP = NO;
				DEBUG_INFORMATION_FORMAT = dwarf;
				DEVELOPMENT_TEAM = "";
				ENABLE_BITCODE = YES;
				ENABLE_STRICT_OBJC_MSGSEND = YES;
				FRAMEWORK_SEARCH_PATHS = "$(inherited)";
				GCC_C_LANGUAGE_STANDARD = gnu99;
				GCC_DYNAMIC_NO_PIC = NO;
				GCC_NO_COMMON_BLOCKS = YES;
				GCC_OPTIMIZATION_LEVEL = 0;
				GCC_PREPROCESSOR_DEFINITIONS = (
					"DEBUG=1",
					"$(inherited)",
				);
				GCC_WARN_64_TO_32_BIT_CONVERSION = YES;
				GCC_WARN_ABOUT_RETURN_TYPE = YES_ERROR;
				GCC_WARN_UNDECLARED_SELECTOR = YES;
				GCC_WARN_UNINITIALIZED_AUTOS = YES_AGGRESSIVE;
				GCC_WARN_UNUSED_FUNCTION = YES;
				GCC_WARN_UNUSED_VARIABLE = YES;
				HEADER_SEARCH_PATHS = (
					"$(inherited)",
					"\"${PODS_ROOT}/Headers/Public\"",
					"\"${PODS_ROOT}/Headers/Public/AFNetworking\"",
					"\"${PODS_ROOT}/Headers/Public/Expecta\"",
					"\"${PODS_ROOT}/Headers/Public/FLEX\"",
					"\"${PODS_ROOT}/Headers/Public/InAppSettingsKit\"",
					"\"${PODS_ROOT}/Headers/Public/NSURL+QueryDictionary\"",
					"\"${PODS_ROOT}/Headers/Public/OCMock\"",
					"\"${PODS_ROOT}/Headers/Public/OHHTTPStubs\"",
					"\"${PODS_ROOT}/Headers/Public/PureLayout\"",
					"\"${PODS_ROOT}/Headers/Public/Specta\"",
					"\"${PODS_ROOT}/Headers/Public/iOS-Slide-Menu\"",
				);
				INFOPLIST_FILE = "Demo/Supporting Files/BraintreeVisaCheckout-DemoVisaCheckout-Info.plist";
				IPHONEOS_DEPLOYMENT_TARGET = 12.0;
				LD_RUNPATH_SEARCH_PATHS = (
					"$(inherited)",
					"@executable_path/Frameworks",
				);
				LIBRARY_SEARCH_PATHS = (
					"$(inherited)",
					"$(PROJECT_DIR)",
				);
				MTL_ENABLE_DEBUG_INFO = YES;
				OTHER_LDFLAGS = (
					"$(inherited)",
					"-ObjC",
					"-l\"c++\"",
					"-l\"z\"",
					"-framework",
					"\"AVFoundation\"",
					"-framework",
					"\"Accelerate\"",
					"-framework",
					"\"AssetsLibrary\"",
					"-framework",
					"\"AudioToolbox\"",
					"-framework",
					"\"CoreGraphics\"",
					"-framework",
					"\"CoreMedia\"",
					"-framework",
					"\"CoreText\"",
					"-framework",
					"\"CoreVideo\"",
					"-framework",
					"\"Foundation\"",
					"-framework",
					"\"MessageUI\"",
					"-framework",
					"\"MobileCoreServices\"",
					"-framework",
					"\"OpenGLES\"",
					"-framework",
					"\"QuartzCore\"",
					"-framework",
					"\"QuickLook\"",
					"-framework",
					"\"Security\"",
					"-framework",
					"\"SystemConfiguration\"",
					"-framework",
					"\"UIKit\"",
					"-all_load",
				);
				PRODUCT_BUNDLE_IDENTIFIER = com.braintreepayments.Demo;
				PRODUCT_NAME = "$(TARGET_NAME)";
				PROVISIONING_PROFILE = "";
				SWIFT_OBJC_BRIDGING_HEADER = "Demo/Demo Base/DemoVisaCheckout-Bridging-Header.h";
				SWIFT_OPTIMIZATION_LEVEL = "-Onone";
				SWIFT_VERSION = 5.0;
				TARGETED_DEVICE_FAMILY = "1,2";
				VALIDATE_WORKSPACE = NO;
			};
			name = Debug;
		};
		A7ADE7431E92F2470013920F /* Release */ = {
			isa = XCBuildConfiguration;
			baseConfigurationReference = 6B5A6BB4A391790E7A69DBFC /* Pods-DemoVisaCheckout.release.xcconfig */;
			buildSettings = {
				ALWAYS_EMBED_SWIFT_STANDARD_LIBRARIES = YES;
				ALWAYS_SEARCH_USER_PATHS = NO;
				ASSETCATALOG_COMPILER_APPICON_NAME = AppIcon;
				CLANG_ALLOW_NON_MODULAR_INCLUDES_IN_FRAMEWORK_MODULES = YES;
				CLANG_CXX_LANGUAGE_STANDARD = "gnu++0x";
				CLANG_CXX_LIBRARY = "libc++";
				CLANG_ENABLE_MODULES = YES;
				CLANG_WARN_BOOL_CONVERSION = YES;
				CLANG_WARN_CONSTANT_CONVERSION = YES;
				CLANG_WARN_DIRECT_OBJC_ISA_USAGE = YES_ERROR;
				CLANG_WARN_EMPTY_BODY = YES;
				CLANG_WARN_ENUM_CONVERSION = YES;
				CLANG_WARN_INT_CONVERSION = YES;
				CLANG_WARN_OBJC_ROOT_CLASS = YES_ERROR;
				CLANG_WARN_UNREACHABLE_CODE = YES;
				CLANG_WARN__DUPLICATE_METHOD_MATCH = YES;
				CODE_SIGN_ENTITLEMENTS = "Demo/Braintree-Demo.entitlements";
				CODE_SIGN_IDENTITY = "iPhone Developer";
				"CODE_SIGN_IDENTITY[sdk=iphoneos*]" = "iPhone Developer";
				COPY_PHASE_STRIP = NO;
				DEBUG_INFORMATION_FORMAT = "dwarf-with-dsym";
				DEVELOPMENT_TEAM = "";
				ENABLE_BITCODE = YES;
				ENABLE_NS_ASSERTIONS = NO;
				ENABLE_STRICT_OBJC_MSGSEND = YES;
				FRAMEWORK_SEARCH_PATHS = "$(inherited)";
				GCC_C_LANGUAGE_STANDARD = gnu99;
				GCC_NO_COMMON_BLOCKS = YES;
				GCC_WARN_64_TO_32_BIT_CONVERSION = YES;
				GCC_WARN_ABOUT_RETURN_TYPE = YES_ERROR;
				GCC_WARN_UNDECLARED_SELECTOR = YES;
				GCC_WARN_UNINITIALIZED_AUTOS = YES_AGGRESSIVE;
				GCC_WARN_UNUSED_FUNCTION = YES;
				GCC_WARN_UNUSED_VARIABLE = YES;
				HEADER_SEARCH_PATHS = (
					"$(inherited)",
					"\"${PODS_ROOT}/Headers/Public\"",
					"\"${PODS_ROOT}/Headers/Public/AFNetworking\"",
					"\"${PODS_ROOT}/Headers/Public/Expecta\"",
					"\"${PODS_ROOT}/Headers/Public/FLEX\"",
					"\"${PODS_ROOT}/Headers/Public/InAppSettingsKit\"",
					"\"${PODS_ROOT}/Headers/Public/NSURL+QueryDictionary\"",
					"\"${PODS_ROOT}/Headers/Public/OCMock\"",
					"\"${PODS_ROOT}/Headers/Public/OHHTTPStubs\"",
					"\"${PODS_ROOT}/Headers/Public/PureLayout\"",
					"\"${PODS_ROOT}/Headers/Public/Specta\"",
					"\"${PODS_ROOT}/Headers/Public/iOS-Slide-Menu\"",
				);
				INFOPLIST_FILE = "Demo/Supporting Files/BraintreeVisaCheckout-DemoVisaCheckout-Info.plist";
				IPHONEOS_DEPLOYMENT_TARGET = 12.0;
				LD_RUNPATH_SEARCH_PATHS = (
					"$(inherited)",
					"@executable_path/Frameworks",
				);
				LIBRARY_SEARCH_PATHS = (
					"$(inherited)",
					"$(PROJECT_DIR)",
				);
				MTL_ENABLE_DEBUG_INFO = NO;
				OTHER_LDFLAGS = (
					"$(inherited)",
					"-ObjC",
					"-l\"c++\"",
					"-l\"z\"",
					"-framework",
					"\"AVFoundation\"",
					"-framework",
					"\"Accelerate\"",
					"-framework",
					"\"AssetsLibrary\"",
					"-framework",
					"\"AudioToolbox\"",
					"-framework",
					"\"CoreGraphics\"",
					"-framework",
					"\"CoreMedia\"",
					"-framework",
					"\"CoreText\"",
					"-framework",
					"\"CoreVideo\"",
					"-framework",
					"\"Foundation\"",
					"-framework",
					"\"MessageUI\"",
					"-framework",
					"\"MobileCoreServices\"",
					"-framework",
					"\"OpenGLES\"",
					"-framework",
					"\"QuartzCore\"",
					"-framework",
					"\"QuickLook\"",
					"-framework",
					"\"Security\"",
					"-framework",
					"\"SystemConfiguration\"",
					"-framework",
					"\"UIKit\"",
					"-all_load",
				);
				PRODUCT_BUNDLE_IDENTIFIER = com.braintreepayments.Demo;
				PRODUCT_NAME = "$(TARGET_NAME)";
				PROVISIONING_PROFILE = "";
				SWIFT_OBJC_BRIDGING_HEADER = "Demo/Demo Base/DemoVisaCheckout-Bridging-Header.h";
				SWIFT_VERSION = 5.0;
				TARGETED_DEVICE_FAMILY = "1,2";
				VALIDATE_PRODUCT = YES;
				VALIDATE_WORKSPACE = NO;
			};
			name = Release;
		};
		A7CF46AC1E9C0298002DB50F /* Debug */ = {
			isa = XCBuildConfiguration;
			buildSettings = {
				ALWAYS_EMBED_SWIFT_STANDARD_LIBRARIES = YES;
				ALWAYS_SEARCH_USER_PATHS = NO;
				CLANG_ANALYZER_NONNULL = YES;
				CLANG_CXX_LANGUAGE_STANDARD = "gnu++0x";
				CLANG_CXX_LIBRARY = "libc++";
				CLANG_ENABLE_MODULES = YES;
				CLANG_WARN_BOOL_CONVERSION = YES;
				CLANG_WARN_CONSTANT_CONVERSION = YES;
				CLANG_WARN_DIRECT_OBJC_ISA_USAGE = YES_ERROR;
				CLANG_WARN_DOCUMENTATION_COMMENTS = YES;
				CLANG_WARN_EMPTY_BODY = YES;
				CLANG_WARN_ENUM_CONVERSION = YES;
				CLANG_WARN_INFINITE_RECURSION = YES;
				CLANG_WARN_INT_CONVERSION = YES;
				CLANG_WARN_OBJC_ROOT_CLASS = YES_ERROR;
				CLANG_WARN_SUSPICIOUS_MOVE = YES;
				CLANG_WARN_UNREACHABLE_CODE = YES;
				CLANG_WARN__DUPLICATE_METHOD_MATCH = YES;
				"CODE_SIGN_IDENTITY[sdk=iphoneos*]" = "iPhone Developer";
				COPY_PHASE_STRIP = NO;
				DEBUG_INFORMATION_FORMAT = dwarf;
				ENABLE_BITCODE = NO;
				ENABLE_STRICT_OBJC_MSGSEND = YES;
				GCC_C_LANGUAGE_STANDARD = gnu99;
				GCC_DYNAMIC_NO_PIC = NO;
				GCC_NO_COMMON_BLOCKS = YES;
				GCC_OPTIMIZATION_LEVEL = 0;
				GCC_PREPROCESSOR_DEFINITIONS = (
					"DEBUG=1",
					"$(inherited)",
				);
				GCC_WARN_64_TO_32_BIT_CONVERSION = YES;
				GCC_WARN_ABOUT_RETURN_TYPE = YES_ERROR;
				GCC_WARN_UNDECLARED_SELECTOR = YES;
				GCC_WARN_UNINITIALIZED_AUTOS = YES_AGGRESSIVE;
				GCC_WARN_UNUSED_FUNCTION = YES;
				GCC_WARN_UNUSED_VARIABLE = YES;
				INFOPLIST_FILE = UITests/Info.plist;
				IPHONEOS_DEPLOYMENT_TARGET = 12.0;
				LD_RUNPATH_SEARCH_PATHS = (
					"$(inherited)",
					"@executable_path/Frameworks",
					"@loader_path/Frameworks",
				);
				MTL_ENABLE_DEBUG_INFO = YES;
				PRODUCT_BUNDLE_IDENTIFIER = com.braintreepayments.BraintreeVisaCheckoutUITests;
				PRODUCT_NAME = "$(TARGET_NAME)";
				SWIFT_ACTIVE_COMPILATION_CONDITIONS = DEBUG;
				SWIFT_OPTIMIZATION_LEVEL = "-Onone";
				SWIFT_VERSION = 5.0;
				TEST_TARGET_NAME = DemoVisaCheckout;
			};
			name = Debug;
		};
		A7CF46AD1E9C0298002DB50F /* Release */ = {
			isa = XCBuildConfiguration;
			buildSettings = {
				ALWAYS_EMBED_SWIFT_STANDARD_LIBRARIES = YES;
				ALWAYS_SEARCH_USER_PATHS = NO;
				CLANG_ANALYZER_NONNULL = YES;
				CLANG_CXX_LANGUAGE_STANDARD = "gnu++0x";
				CLANG_CXX_LIBRARY = "libc++";
				CLANG_ENABLE_MODULES = YES;
				CLANG_WARN_BOOL_CONVERSION = YES;
				CLANG_WARN_CONSTANT_CONVERSION = YES;
				CLANG_WARN_DIRECT_OBJC_ISA_USAGE = YES_ERROR;
				CLANG_WARN_DOCUMENTATION_COMMENTS = YES;
				CLANG_WARN_EMPTY_BODY = YES;
				CLANG_WARN_ENUM_CONVERSION = YES;
				CLANG_WARN_INFINITE_RECURSION = YES;
				CLANG_WARN_INT_CONVERSION = YES;
				CLANG_WARN_OBJC_ROOT_CLASS = YES_ERROR;
				CLANG_WARN_SUSPICIOUS_MOVE = YES;
				CLANG_WARN_UNREACHABLE_CODE = YES;
				CLANG_WARN__DUPLICATE_METHOD_MATCH = YES;
				"CODE_SIGN_IDENTITY[sdk=iphoneos*]" = "iPhone Developer";
				COPY_PHASE_STRIP = NO;
				DEBUG_INFORMATION_FORMAT = "dwarf-with-dsym";
				ENABLE_BITCODE = NO;
				ENABLE_NS_ASSERTIONS = NO;
				ENABLE_STRICT_OBJC_MSGSEND = YES;
				GCC_C_LANGUAGE_STANDARD = gnu99;
				GCC_NO_COMMON_BLOCKS = YES;
				GCC_WARN_64_TO_32_BIT_CONVERSION = YES;
				GCC_WARN_ABOUT_RETURN_TYPE = YES_ERROR;
				GCC_WARN_UNDECLARED_SELECTOR = YES;
				GCC_WARN_UNINITIALIZED_AUTOS = YES_AGGRESSIVE;
				GCC_WARN_UNUSED_FUNCTION = YES;
				GCC_WARN_UNUSED_VARIABLE = YES;
				INFOPLIST_FILE = UITests/Info.plist;
				IPHONEOS_DEPLOYMENT_TARGET = 12.0;
				LD_RUNPATH_SEARCH_PATHS = (
					"$(inherited)",
					"@executable_path/Frameworks",
					"@loader_path/Frameworks",
				);
				MTL_ENABLE_DEBUG_INFO = NO;
				PRODUCT_BUNDLE_IDENTIFIER = com.braintreepayments.BraintreeVisaCheckoutUITests;
				PRODUCT_NAME = "$(TARGET_NAME)";
				SWIFT_COMPILATION_MODE = wholemodule;
				SWIFT_OPTIMIZATION_LEVEL = "-O";
				SWIFT_VERSION = 5.0;
				TEST_TARGET_NAME = DemoVisaCheckout;
				VALIDATE_PRODUCT = YES;
			};
			name = Release;
		};
		EEEC91201E9EAA4D00926158 /* Debug */ = {
			isa = XCBuildConfiguration;
			baseConfigurationReference = 6AB91B4878F55E9F9D986F12 /* Pods-Tests-IntegrationTests.debug.xcconfig */;
			buildSettings = {
				ALWAYS_EMBED_SWIFT_STANDARD_LIBRARIES = YES;
				ALWAYS_SEARCH_USER_PATHS = NO;
				BUNDLE_LOADER = "$(TEST_HOST)";
				CLANG_ALLOW_NON_MODULAR_INCLUDES_IN_FRAMEWORK_MODULES = YES;
				CLANG_ANALYZER_NONNULL = YES;
				CLANG_CXX_LANGUAGE_STANDARD = "gnu++0x";
				CLANG_CXX_LIBRARY = "libc++";
				CLANG_ENABLE_MODULES = YES;
				CLANG_WARN_BOOL_CONVERSION = YES;
				CLANG_WARN_CONSTANT_CONVERSION = YES;
				CLANG_WARN_DIRECT_OBJC_ISA_USAGE = YES_ERROR;
				CLANG_WARN_DOCUMENTATION_COMMENTS = NO;
				CLANG_WARN_EMPTY_BODY = YES;
				CLANG_WARN_ENUM_CONVERSION = YES;
				CLANG_WARN_INFINITE_RECURSION = YES;
				CLANG_WARN_INT_CONVERSION = YES;
				CLANG_WARN_OBJC_ROOT_CLASS = YES_ERROR;
				CLANG_WARN_SUSPICIOUS_MOVE = YES;
				CLANG_WARN_UNREACHABLE_CODE = YES;
				CLANG_WARN__DUPLICATE_METHOD_MATCH = YES;
				"CODE_SIGN_IDENTITY[sdk=iphoneos*]" = "iPhone Developer";
				COPY_PHASE_STRIP = NO;
				DEBUG_INFORMATION_FORMAT = dwarf;
				ENABLE_STRICT_OBJC_MSGSEND = YES;
				FRAMEWORK_SEARCH_PATHS = "$(inherited)";
				GCC_C_LANGUAGE_STANDARD = gnu99;
				GCC_DYNAMIC_NO_PIC = NO;
				GCC_NO_COMMON_BLOCKS = YES;
				GCC_OPTIMIZATION_LEVEL = 0;
				GCC_PRECOMPILE_PREFIX_HEADER = YES;
				GCC_PREFIX_HEADER = IntegrationTests/IntegrationTests.pch;
				GCC_PREPROCESSOR_DEFINITIONS = (
					"DEBUG=1",
					"$(inherited)",
				);
				GCC_WARN_64_TO_32_BIT_CONVERSION = YES;
				GCC_WARN_ABOUT_RETURN_TYPE = YES_ERROR;
				GCC_WARN_UNDECLARED_SELECTOR = YES;
				GCC_WARN_UNINITIALIZED_AUTOS = YES_AGGRESSIVE;
				GCC_WARN_UNUSED_FUNCTION = YES;
				GCC_WARN_UNUSED_VARIABLE = YES;
				INFOPLIST_FILE = IntegrationTests/Info.plist;
				IPHONEOS_DEPLOYMENT_TARGET = 12.0;
				LD_RUNPATH_SEARCH_PATHS = (
					"$(inherited)",
					"@executable_path/Frameworks",
					"@loader_path/Frameworks",
				);
				MTL_ENABLE_DEBUG_INFO = YES;
				PRODUCT_BUNDLE_IDENTIFIER = com.braintreepayments.BraintreeVisaCheckoutIntegrationTests;
				PRODUCT_NAME = "$(TARGET_NAME)";
				SWIFT_OBJC_BRIDGING_HEADER = "";
				SWIFT_OPTIMIZATION_LEVEL = "-Onone";
				SWIFT_VERSION = 5.0;
				TEST_HOST = "$(BUILT_PRODUCTS_DIR)/DemoVisaCheckout.app/DemoVisaCheckout";
			};
			name = Debug;
		};
		EEEC91211E9EAA4D00926158 /* Release */ = {
			isa = XCBuildConfiguration;
			baseConfigurationReference = D35F9DB0DE0E79396807DF2A /* Pods-Tests-IntegrationTests.release.xcconfig */;
			buildSettings = {
				ALWAYS_EMBED_SWIFT_STANDARD_LIBRARIES = YES;
				ALWAYS_SEARCH_USER_PATHS = NO;
				BUNDLE_LOADER = "$(TEST_HOST)";
				CLANG_ALLOW_NON_MODULAR_INCLUDES_IN_FRAMEWORK_MODULES = YES;
				CLANG_ANALYZER_NONNULL = YES;
				CLANG_CXX_LANGUAGE_STANDARD = "gnu++0x";
				CLANG_CXX_LIBRARY = "libc++";
				CLANG_ENABLE_MODULES = YES;
				CLANG_WARN_BOOL_CONVERSION = YES;
				CLANG_WARN_CONSTANT_CONVERSION = YES;
				CLANG_WARN_DIRECT_OBJC_ISA_USAGE = YES_ERROR;
				CLANG_WARN_DOCUMENTATION_COMMENTS = NO;
				CLANG_WARN_EMPTY_BODY = YES;
				CLANG_WARN_ENUM_CONVERSION = YES;
				CLANG_WARN_INFINITE_RECURSION = YES;
				CLANG_WARN_INT_CONVERSION = YES;
				CLANG_WARN_OBJC_ROOT_CLASS = YES_ERROR;
				CLANG_WARN_SUSPICIOUS_MOVE = YES;
				CLANG_WARN_UNREACHABLE_CODE = YES;
				CLANG_WARN__DUPLICATE_METHOD_MATCH = YES;
				"CODE_SIGN_IDENTITY[sdk=iphoneos*]" = "iPhone Developer";
				COPY_PHASE_STRIP = NO;
				DEBUG_INFORMATION_FORMAT = "dwarf-with-dsym";
				ENABLE_NS_ASSERTIONS = NO;
				ENABLE_STRICT_OBJC_MSGSEND = YES;
				FRAMEWORK_SEARCH_PATHS = "$(inherited)";
				GCC_C_LANGUAGE_STANDARD = gnu99;
				GCC_NO_COMMON_BLOCKS = YES;
				GCC_PRECOMPILE_PREFIX_HEADER = YES;
				GCC_PREFIX_HEADER = IntegrationTests/IntegrationTests.pch;
				GCC_WARN_64_TO_32_BIT_CONVERSION = YES;
				GCC_WARN_ABOUT_RETURN_TYPE = YES_ERROR;
				GCC_WARN_UNDECLARED_SELECTOR = YES;
				GCC_WARN_UNINITIALIZED_AUTOS = YES_AGGRESSIVE;
				GCC_WARN_UNUSED_FUNCTION = YES;
				GCC_WARN_UNUSED_VARIABLE = YES;
				INFOPLIST_FILE = IntegrationTests/Info.plist;
				IPHONEOS_DEPLOYMENT_TARGET = 12.0;
				LD_RUNPATH_SEARCH_PATHS = (
					"$(inherited)",
					"@executable_path/Frameworks",
					"@loader_path/Frameworks",
				);
				MTL_ENABLE_DEBUG_INFO = NO;
				PRODUCT_BUNDLE_IDENTIFIER = com.braintreepayments.BraintreeVisaCheckoutIntegrationTests;
				PRODUCT_NAME = "$(TARGET_NAME)";
				SWIFT_OBJC_BRIDGING_HEADER = "";
				SWIFT_VERSION = 5.0;
				TEST_HOST = "$(BUILT_PRODUCTS_DIR)/DemoVisaCheckout.app/DemoVisaCheckout";
				VALIDATE_PRODUCT = YES;
			};
			name = Release;
		};
/* End XCBuildConfiguration section */

/* Begin XCConfigurationList section */
		A75A02131DC13220007819EE /* Build configuration list for PBXNativeTarget "BraintreeVisaCheckout" */ = {
			isa = XCConfigurationList;
			buildConfigurations = (
				A75A02141DC13220007819EE /* Debug */,
				A75A02151DC13220007819EE /* Release */,
			);
			defaultConfigurationIsVisible = 0;
			defaultConfigurationName = Release;
		};
		A75DA347192138F000D997A2 /* Build configuration list for PBXProject "BraintreeVisaCheckout" */ = {
			isa = XCConfigurationList;
			buildConfigurations = (
				A75DA348192138F000D997A2 /* Debug */,
				A75DA349192138F000D997A2 /* Release */,
			);
			defaultConfigurationIsVisible = 0;
			defaultConfigurationName = Release;
		};
		A7662A521E9851020002117A /* Build configuration list for PBXNativeTarget "UnitTests" */ = {
			isa = XCConfigurationList;
			buildConfigurations = (
				A7662A531E9851020002117A /* Debug */,
				A7662A541E9851020002117A /* Release */,
			);
			defaultConfigurationIsVisible = 0;
			defaultConfigurationName = Release;
		};
		A7ADE7411E92F2470013920F /* Build configuration list for PBXNativeTarget "DemoVisaCheckout" */ = {
			isa = XCConfigurationList;
			buildConfigurations = (
				A7ADE7421E92F2470013920F /* Debug */,
				A7ADE7431E92F2470013920F /* Release */,
			);
			defaultConfigurationIsVisible = 0;
			defaultConfigurationName = Release;
		};
		A7CF46AE1E9C0298002DB50F /* Build configuration list for PBXNativeTarget "UITests" */ = {
			isa = XCConfigurationList;
			buildConfigurations = (
				A7CF46AC1E9C0298002DB50F /* Debug */,
				A7CF46AD1E9C0298002DB50F /* Release */,
			);
			defaultConfigurationIsVisible = 0;
			defaultConfigurationName = Release;
		};
		EEEC911F1E9EAA4D00926158 /* Build configuration list for PBXNativeTarget "IntegrationTests" */ = {
			isa = XCConfigurationList;
			buildConfigurations = (
				EEEC91201E9EAA4D00926158 /* Debug */,
				EEEC91211E9EAA4D00926158 /* Release */,
			);
			defaultConfigurationIsVisible = 0;
			defaultConfigurationName = Release;
		};
/* End XCConfigurationList section */
	};
	rootObject = A75DA344192138F000D997A2 /* Project object */;
}
